
Microsoft Visual Studio Solution File, Format Version 12.00
# Visual Studio Version 16
VisualStudioVersion = 16.0.31729.503
MinimumVisualStudioVersion = 10.0.40219.1
Project("{8BC9CEB8-8B4A-11D0-8D11-00A0C91BC942}") = "01.SumSeconds", "01.SumSeconds\01.SumSeconds.vcxproj", "{F18DD2C0-53A7-48DA-8FFA-41D081C975AC}"
EndProject
Project("{8BC9CEB8-8B4A-11D0-8D11-00A0C91BC942}") = "02.BonusScore", "02.BonusScore\02.BonusScore\02.BonusScore.vcxproj", "{BE76F14A-6547-4AE7-9E3C-7388477C1142}"
EndProject
Project("{8BC9CEB8-8B4A-11D0-8D11-00A0C91BC942}") = "03.TimePlus15Minutes", "03.TimePlus15Minutes\03.TimePlus15Minutes\03.TimePlus15Minutes.vcxproj", "{B8138BB4-A7BA-46E9-A489-CCC6EC9D4892}"
EndProject
Project("{8BC9CEB8-8B4A-11D0-8D11-00A0C91BC942}") = "04.ToyShop", "04.ToyShop\04.ToyShop\04.ToyShop.vcxproj", "{5F67A579-C530-4F0E-B00E-8FA8B22E3BA4}"
EndProject
Project("{8BC9CEB8-8B4A-11D0-8D11-00A0C91BC942}") = "05.GodzillaVsKong", "05.GodzillaVsKong\05.GodzillaVsKong\05.GodzillaVsKong.vcxproj", "{B6A9E60C-01A8-420D-9B3B-8B32609BBE08}"
EndProject
Project("{8BC9CEB8-8B4A-11D0-8D11-00A0C91BC942}") = "06.WorldSwimmingRecord", "06.WorldSwimmingRecord\06.WorldSwimmingRecord\06.WorldSwimmingRecord.vcxproj", "{252D174C-E885-45C0-9ED5-14214DF83E9E}"
EndProject
Project("{8BC9CEB8-8B4A-11D0-8D11-00A0C91BC942}") = "07.Shopping", "07.Shopping\07.Shopping\07.Shopping.vcxproj", "{2842BE34-0D9F-47C2-92D4-56F89E50884C}"
EndProject
Project("{8BC9CEB8-8B4A-11D0-8D11-00A0C91BC942}") = "08.LunchBreak", "08.LunchBreak\08.LunchBreak\08.LunchBreak.vcxproj", "{6A774C78-CCC4-47AA-95ED-E9429DFE9CAC}"
EndProject
Global
	GlobalSection(SolutionConfigurationPlatforms) = preSolution
		Debug|x64 = Debug|x64
		Debug|x86 = Debug|x86
		Release|x64 = Release|x64
		Release|x86 = Release|x86
	EndGlobalSection
	GlobalSection(ProjectConfigurationPlatforms) = postSolution
		{F18DD2C0-53A7-48DA-8FFA-41D081C975AC}.Debug|x64.ActiveCfg = Debug|x64
		{F18DD2C0-53A7-48DA-8FFA-41D081C975AC}.Debug|x64.Build.0 = Debug|x64
		{F18DD2C0-53A7-48DA-8FFA-41D081C975AC}.Debug|x86.ActiveCfg = Debug|Win32
		{F18DD2C0-53A7-48DA-8FFA-41D081C975AC}.Debug|x86.Build.0 = Debug|Win32
		{F18DD2C0-53A7-48DA-8FFA-41D081C975AC}.Release|x64.ActiveCfg = Release|x64
		{F18DD2C0-53A7-48DA-8FFA-41D081C975AC}.Release|x64.Build.0 = Release|x64
		{F18DD2C0-53A7-48DA-8FFA-41D081C975AC}.Release|x86.ActiveCfg = Release|Win32
		{F18DD2C0-53A7-48DA-8FFA-41D081C975AC}.Release|x86.Build.0 = Release|Win32
		{BE76F14A-6547-4AE7-9E3C-7388477C1142}.Debug|x64.ActiveCfg = Debug|x64
		{BE76F14A-6547-4AE7-9E3C-7388477C1142}.Debug|x64.Build.0 = Debug|x64
		{BE76F14A-6547-4AE7-9E3C-7388477C1142}.Debug|x86.ActiveCfg = Debug|Win32
		{BE76F14A-6547-4AE7-9E3C-7388477C1142}.Debug|x86.Build.0 = Debug|Win32
		{BE76F14A-6547-4AE7-9E3C-7388477C1142}.Release|x64.ActiveCfg = Release|x64
		{BE76F14A-6547-4AE7-9E3C-7388477C1142}.Release|x64.Build.0 = Release|x64
		{BE76F14A-6547-4AE7-9E3C-7388477C1142}.Release|x86.ActiveCfg = Release|Win32
		{BE76F14A-6547-4AE7-9E3C-7388477C1142}.Release|x86.Build.0 = Release|Win32
		{B8138BB4-A7BA-46E9-A489-CCC6EC9D4892}.Debug|x64.ActiveCfg = Debug|x64
		{B8138BB4-A7BA-46E9-A489-CCC6EC9D4892}.Debug|x64.Build.0 = Debug|x64
		{B8138BB4-A7BA-46E9-A489-CCC6EC9D4892}.Debug|x86.ActiveCfg = Debug|Win32
		{B8138BB4-A7BA-46E9-A489-CCC6EC9D4892}.Debug|x86.Build.0 = Debug|Win32
		{B8138BB4-A7BA-46E9-A489-CCC6EC9D4892}.Release|x64.ActiveCfg = Release|x64
		{B8138BB4-A7BA-46E9-A489-CCC6EC9D4892}.Release|x64.Build.0 = Release|x64
		{B8138BB4-A7BA-46E9-A489-CCC6EC9D4892}.Release|x86.ActiveCfg = Release|Win32
		{B8138BB4-A7BA-46E9-A489-CCC6EC9D4892}.Release|x86.Build.0 = Release|Win32
		{5F67A579-C530-4F0E-B00E-8FA8B22E3BA4}.Debug|x64.ActiveCfg = Debug|x64
		{5F67A579-C530-4F0E-B00E-8FA8B22E3BA4}.Debug|x64.Build.0 = Debug|x64
		{5F67A579-C530-4F0E-B00E-8FA8B22E3BA4}.Debug|x86.ActiveCfg = Debug|Win32
		{5F67A579-C530-4F0E-B00E-8FA8B22E3BA4}.Debug|x86.Build.0 = Debug|Win32
		{5F67A579-C530-4F0E-B00E-8FA8B22E3BA4}.Release|x64.ActiveCfg = Release|x64
		{5F67A579-C530-4F0E-B00E-8FA8B22E3BA4}.Release|x64.Build.0 = Release|x64
		{5F67A579-C530-4F0E-B00E-8FA8B22E3BA4}.Release|x86.ActiveCfg = Release|Win32
		{5F67A579-C530-4F0E-B00E-8FA8B22E3BA4}.Release|x86.Build.0 = Release|Win32
		{B6A9E60C-01A8-420D-9B3B-8B32609BBE08}.Debug|x64.ActiveCfg = Debug|x64
		{B6A9E60C-01A8-420D-9B3B-8B32609BBE08}.Debug|x64.Build.0 = Debug|x64
		{B6A9E60C-01A8-420D-9B3B-8B32609BBE08}.Debug|x86.ActiveCfg = Debug|Win32
		{B6A9E60C-01A8-420D-9B3B-8B32609BBE08}.Debug|x86.Build.0 = Debug|Win32
		{B6A9E60C-01A8-420D-9B3B-8B32609BBE08}.Release|x64.ActiveCfg = Release|x64
		{B6A9E60C-01A8-420D-9B3B-8B32609BBE08}.Release|x64.Build.0 = Release|x64
		{B6A9E60C-01A8-420D-9B3B-8B32609BBE08}.Release|x86.ActiveCfg = Release|Win32
		{B6A9E60C-01A8-420D-9B3B-8B32609BBE08}.Release|x86.Build.0 = Release|Win32
		{252D174C-E885-45C0-9ED5-14214DF83E9E}.Debug|x64.ActiveCfg = Debug|x64
		{252D174C-E885-45C0-9ED5-14214DF83E9E}.Debug|x64.Build.0 = Debug|x64
		{252D174C-E885-45C0-9ED5-14214DF83E9E}.Debug|x86.ActiveCfg = Debug|Win32
		{252D174C-E885-45C0-9ED5-14214DF83E9E}.Debug|x86.Build.0 = Debug|Win32
		{252D174C-E885-45C0-9ED5-14214DF83E9E}.Release|x64.ActiveCfg = Release|x64
		{252D174C-E885-45C0-9ED5-14214DF83E9E}.Release|x64.Build.0 = Release|x64
		{252D174C-E885-45C0-9ED5-14214DF83E9E}.Release|x86.ActiveCfg = Release|Win32
		{252D174C-E885-45C0-9ED5-14214DF83E9E}.Release|x86.Build.0 = Release|Win32
		{2842BE34-0D9F-47C2-92D4-56F89E50884C}.Debug|x64.ActiveCfg = Debug|x64
		{2842BE34-0D9F-47C2-92D4-56F89E50884C}.Debug|x64.Build.0 = Debug|x64
		{2842BE34-0D9F-47C2-92D4-56F89E50884C}.Debug|x86.ActiveCfg = Debug|Win32
		{2842BE34-0D9F-47C2-92D4-56F89E50884C}.Debug|x86.Build.0 = Debug|Win32
		{2842BE34-0D9F-47C2-92D4-56F89E50884C}.Release|x64.ActiveCfg = Release|x64
		{2842BE34-0D9F-47C2-92D4-56F89E50884C}.Release|x64.Build.0 = Release|x64
		{2842BE34-0D9F-47C2-92D4-56F89E50884C}.Release|x86.ActiveCfg = Release|Win32
		{2842BE34-0D9F-47C2-92D4-56F89E50884C}.Release|x86.Build.0 = Release|Win32
		{6A774C78-CCC4-47AA-95ED-E9429DFE9CAC}.Debug|x64.ActiveCfg = Debug|x64
		{6A774C78-CCC4-47AA-95ED-E9429DFE9CAC}.Debug|x64.Build.0 = Debug|x64
		{6A774C78-CCC4-47AA-95ED-E9429DFE9CAC}.Debug|x86.ActiveCfg = Debug|Win32
		{6A774C78-CCC4-47AA-95ED-E9429DFE9CAC}.Debug|x86.Build.0 = Debug|Win32
		{6A774C78-CCC4-47AA-95ED-E9429DFE9CAC}.Release|x64.ActiveCfg = Release|x64
		{6A774C78-CCC4-47AA-95ED-E9429DFE9CAC}.Release|x64.Build.0 = Release|x64
		{6A774C78-CCC4-47AA-95ED-E9429DFE9CAC}.Release|x86.ActiveCfg = Release|Win32
		{6A774C78-CCC4-47AA-95ED-E9429DFE9CAC}.Release|x86.Build.0 = Release|Win32
	EndGlobalSection
	GlobalSection(SolutionProperties) = preSolution
		HideSolutionNode = FALSE
	EndGlobalSection
	GlobalSection(ExtensibilityGlobals) = postSolution
		SolutionGuid = {5FBEFB6A-109F-4B6E-98B3-B02F17D0F0E8}
	EndGlobalSection
EndGlobal
