
Microsoft Visual Studio Solution File, Format Version 12.00
# Visual Studio Version 16
VisualStudioVersion = 16.0.31729.503
MinimumVisualStudioVersion = 10.0.40219.1
Project("{8BC9CEB8-8B4A-11D0-8D11-00A0C91BC942}") = "CheckForDuplicates", "CheckForDuplicates\CheckForDuplicates\CheckForDuplicates.vcxproj", "{7E59A177-E803-422D-9BD2-F3EBE8B94A66}"
EndProject
Project("{8BC9CEB8-8B4A-11D0-8D11-00A0C91BC942}") = "SelectionSort", "SelectionSort\SelectionSort\SelectionSort.vcxproj", "{82254DCE-01D3-4141-9E38-47944381A648}"
EndProject
Project("{8BC9CEB8-8B4A-11D0-8D11-00A0C91BC942}") = "MergeSortedArrays", "MergeSortedArrays\MergeSortedArrays\MergeSortedArrays.vcxproj", "{C75A62E4-98E5-4327-948F-79A9D6C6F9C1}"
EndProject
Project("{8BC9CEB8-8B4A-11D0-8D11-00A0C91BC942}") = "SortAndMergeArrays", "MergeArrays\SortAndMergeArrays\SortAndMergeArrays.vcxproj", "{B052120A-B161-4B3B-BFBF-3773048F418A}"
EndProject
Project("{8BC9CEB8-8B4A-11D0-8D11-00A0C91BC942}") = "TransformMatrix", "TransformMatrix\TransformMatrix.vcxproj", "{C2A11FC9-6E27-4314-9538-4F94C716DD65}"
EndProject
Global
	GlobalSection(SolutionConfigurationPlatforms) = preSolution
		Debug|x64 = Debug|x64
		Debug|x86 = Debug|x86
		Release|x64 = Release|x64
		Release|x86 = Release|x86
	EndGlobalSection
	GlobalSection(ProjectConfigurationPlatforms) = postSolution
		{7E59A177-E803-422D-9BD2-F3EBE8B94A66}.Debug|x64.ActiveCfg = Debug|x64
		{7E59A177-E803-422D-9BD2-F3EBE8B94A66}.Debug|x64.Build.0 = Debug|x64
		{7E59A177-E803-422D-9BD2-F3EBE8B94A66}.Debug|x86.ActiveCfg = Debug|Win32
		{7E59A177-E803-422D-9BD2-F3EBE8B94A66}.Debug|x86.Build.0 = Debug|Win32
		{7E59A177-E803-422D-9BD2-F3EBE8B94A66}.Release|x64.ActiveCfg = Release|x64
		{7E59A177-E803-422D-9BD2-F3EBE8B94A66}.Release|x64.Build.0 = Release|x64
		{7E59A177-E803-422D-9BD2-F3EBE8B94A66}.Release|x86.ActiveCfg = Release|Win32
		{7E59A177-E803-422D-9BD2-F3EBE8B94A66}.Release|x86.Build.0 = Release|Win32
		{82254DCE-01D3-4141-9E38-47944381A648}.Debug|x64.ActiveCfg = Debug|x64
		{82254DCE-01D3-4141-9E38-47944381A648}.Debug|x64.Build.0 = Debug|x64
		{82254DCE-01D3-4141-9E38-47944381A648}.Debug|x86.ActiveCfg = Debug|Win32
		{82254DCE-01D3-4141-9E38-47944381A648}.Debug|x86.Build.0 = Debug|Win32
		{82254DCE-01D3-4141-9E38-47944381A648}.Release|x64.ActiveCfg = Release|x64
		{82254DCE-01D3-4141-9E38-47944381A648}.Release|x64.Build.0 = Release|x64
		{82254DCE-01D3-4141-9E38-47944381A648}.Release|x86.ActiveCfg = Release|Win32
		{82254DCE-01D3-4141-9E38-47944381A648}.Release|x86.Build.0 = Release|Win32
		{C75A62E4-98E5-4327-948F-79A9D6C6F9C1}.Debug|x64.ActiveCfg = Debug|x64
		{C75A62E4-98E5-4327-948F-79A9D6C6F9C1}.Debug|x64.Build.0 = Debug|x64
		{C75A62E4-98E5-4327-948F-79A9D6C6F9C1}.Debug|x86.ActiveCfg = Debug|Win32
		{C75A62E4-98E5-4327-948F-79A9D6C6F9C1}.Debug|x86.Build.0 = Debug|Win32
		{C75A62E4-98E5-4327-948F-79A9D6C6F9C1}.Release|x64.ActiveCfg = Release|x64
		{C75A62E4-98E5-4327-948F-79A9D6C6F9C1}.Release|x64.Build.0 = Release|x64
		{C75A62E4-98E5-4327-948F-79A9D6C6F9C1}.Release|x86.ActiveCfg = Release|Win32
		{C75A62E4-98E5-4327-948F-79A9D6C6F9C1}.Release|x86.Build.0 = Release|Win32
		{B052120A-B161-4B3B-BFBF-3773048F418A}.Debug|x64.ActiveCfg = Debug|x64
		{B052120A-B161-4B3B-BFBF-3773048F418A}.Debug|x64.Build.0 = Debug|x64
		{B052120A-B161-4B3B-BFBF-3773048F418A}.Debug|x86.ActiveCfg = Debug|Win32
		{B052120A-B161-4B3B-BFBF-3773048F418A}.Debug|x86.Build.0 = Debug|Win32
		{B052120A-B161-4B3B-BFBF-3773048F418A}.Release|x64.ActiveCfg = Release|x64
		{B052120A-B161-4B3B-BFBF-3773048F418A}.Release|x64.Build.0 = Release|x64
		{B052120A-B161-4B3B-BFBF-3773048F418A}.Release|x86.ActiveCfg = Release|Win32
		{B052120A-B161-4B3B-BFBF-3773048F418A}.Release|x86.Build.0 = Release|Win32
		{C2A11FC9-6E27-4314-9538-4F94C716DD65}.Debug|x64.ActiveCfg = Debug|x64
		{C2A11FC9-6E27-4314-9538-4F94C716DD65}.Debug|x64.Build.0 = Debug|x64
		{C2A11FC9-6E27-4314-9538-4F94C716DD65}.Debug|x86.ActiveCfg = Debug|Win32
		{C2A11FC9-6E27-4314-9538-4F94C716DD65}.Debug|x86.Build.0 = Debug|Win32
		{C2A11FC9-6E27-4314-9538-4F94C716DD65}.Release|x64.ActiveCfg = Release|x64
		{C2A11FC9-6E27-4314-9538-4F94C716DD65}.Release|x64.Build.0 = Release|x64
		{C2A11FC9-6E27-4314-9538-4F94C716DD65}.Release|x86.ActiveCfg = Release|Win32
		{C2A11FC9-6E27-4314-9538-4F94C716DD65}.Release|x86.Build.0 = Release|Win32
	EndGlobalSection
	GlobalSection(SolutionProperties) = preSolution
		HideSolutionNode = FALSE
	EndGlobalSection
	GlobalSection(ExtensibilityGlobals) = postSolution
		SolutionGuid = {29359043-93EB-409B-A030-660D1770F516}
	EndGlobalSection
EndGlobal
