
Microsoft Visual Studio Solution File, Format Version 12.00
# Visual Studio Version 16
VisualStudioVersion = 16.0.31729.503
MinimumVisualStudioVersion = 10.0.40219.1
Project("{8BC9CEB8-8B4A-11D0-8D11-00A0C91BC942}") = "01.MergeTrains", "..\Vectors, Lists and Iterators#01.MergeTrains\01.MergeTrains\01.MergeTrains.vcxproj", "{6F1FE66E-42DF-49C1-8FE9-F224970E038E}"
EndProject
Project("{8BC9CEB8-8B4A-11D0-8D11-00A0C91BC942}") = "02.Brackets", "02.Brackets\02.Brackets\02.Brackets.vcxproj", "{A6D1A76C-8EEA-4176-936D-9D9681F31D34}"
EndProject
Project("{8BC9CEB8-8B4A-11D0-8D11-00A0C91BC942}") = "03.Pipes", "03.Pipes\03.Pipes\03.Pipes.vcxproj", "{24EC0A7A-2215-43D7-B27C-6D41C98BA842}"
EndProject
Project("{8BC9CEB8-8B4A-11D0-8D11-00A0C91BC942}") = "04.Bus", "04.Bus\04.Bus\04.Bus.vcxproj", "{A25C8C00-9768-49FE-89BA-9065A6E51B68}"
EndProject
Global
	GlobalSection(SolutionConfigurationPlatforms) = preSolution
		Debug|x64 = Debug|x64
		Debug|x86 = Debug|x86
		Release|x64 = Release|x64
		Release|x86 = Release|x86
	EndGlobalSection
	GlobalSection(ProjectConfigurationPlatforms) = postSolution
		{6F1FE66E-42DF-49C1-8FE9-F224970E038E}.Debug|x64.ActiveCfg = Debug|x64
		{6F1FE66E-42DF-49C1-8FE9-F224970E038E}.Debug|x64.Build.0 = Debug|x64
		{6F1FE66E-42DF-49C1-8FE9-F224970E038E}.Debug|x86.ActiveCfg = Debug|Win32
		{6F1FE66E-42DF-49C1-8FE9-F224970E038E}.Debug|x86.Build.0 = Debug|Win32
		{6F1FE66E-42DF-49C1-8FE9-F224970E038E}.Release|x64.ActiveCfg = Release|x64
		{6F1FE66E-42DF-49C1-8FE9-F224970E038E}.Release|x64.Build.0 = Release|x64
		{6F1FE66E-42DF-49C1-8FE9-F224970E038E}.Release|x86.ActiveCfg = Release|Win32
		{6F1FE66E-42DF-49C1-8FE9-F224970E038E}.Release|x86.Build.0 = Release|Win32
		{A6D1A76C-8EEA-4176-936D-9D9681F31D34}.Debug|x64.ActiveCfg = Debug|x64
		{A6D1A76C-8EEA-4176-936D-9D9681F31D34}.Debug|x64.Build.0 = Debug|x64
		{A6D1A76C-8EEA-4176-936D-9D9681F31D34}.Debug|x86.ActiveCfg = Debug|Win32
		{A6D1A76C-8EEA-4176-936D-9D9681F31D34}.Debug|x86.Build.0 = Debug|Win32
		{A6D1A76C-8EEA-4176-936D-9D9681F31D34}.Release|x64.ActiveCfg = Release|x64
		{A6D1A76C-8EEA-4176-936D-9D9681F31D34}.Release|x64.Build.0 = Release|x64
		{A6D1A76C-8EEA-4176-936D-9D9681F31D34}.Release|x86.ActiveCfg = Release|Win32
		{A6D1A76C-8EEA-4176-936D-9D9681F31D34}.Release|x86.Build.0 = Release|Win32
		{24EC0A7A-2215-43D7-B27C-6D41C98BA842}.Debug|x64.ActiveCfg = Debug|x64
		{24EC0A7A-2215-43D7-B27C-6D41C98BA842}.Debug|x64.Build.0 = Debug|x64
		{24EC0A7A-2215-43D7-B27C-6D41C98BA842}.Debug|x86.ActiveCfg = Debug|Win32
		{24EC0A7A-2215-43D7-B27C-6D41C98BA842}.Debug|x86.Build.0 = Debug|Win32
		{24EC0A7A-2215-43D7-B27C-6D41C98BA842}.Release|x64.ActiveCfg = Release|x64
		{24EC0A7A-2215-43D7-B27C-6D41C98BA842}.Release|x64.Build.0 = Release|x64
		{24EC0A7A-2215-43D7-B27C-6D41C98BA842}.Release|x86.ActiveCfg = Release|Win32
		{24EC0A7A-2215-43D7-B27C-6D41C98BA842}.Release|x86.Build.0 = Release|Win32
		{A25C8C00-9768-49FE-89BA-9065A6E51B68}.Debug|x64.ActiveCfg = Debug|x64
		{A25C8C00-9768-49FE-89BA-9065A6E51B68}.Debug|x64.Build.0 = Debug|x64
		{A25C8C00-9768-49FE-89BA-9065A6E51B68}.Debug|x86.ActiveCfg = Debug|Win32
		{A25C8C00-9768-49FE-89BA-9065A6E51B68}.Debug|x86.Build.0 = Debug|Win32
		{A25C8C00-9768-49FE-89BA-9065A6E51B68}.Release|x64.ActiveCfg = Release|x64
		{A25C8C00-9768-49FE-89BA-9065A6E51B68}.Release|x64.Build.0 = Release|x64
		{A25C8C00-9768-49FE-89BA-9065A6E51B68}.Release|x86.ActiveCfg = Release|Win32
		{A25C8C00-9768-49FE-89BA-9065A6E51B68}.Release|x86.Build.0 = Release|Win32
	EndGlobalSection
	GlobalSection(SolutionProperties) = preSolution
		HideSolutionNode = FALSE
	EndGlobalSection
	GlobalSection(ExtensibilityGlobals) = postSolution
		SolutionGuid = {89D7025B-860A-4CD9-9E27-22AB2692E6DB}
	EndGlobalSection
EndGlobal
