
Microsoft Visual Studio Solution File, Format Version 12.00
# Visual Studio Version 16
VisualStudioVersion = 16.0.31729.503
MinimumVisualStudioVersion = 10.0.40219.1
Project("{8BC9CEB8-8B4A-11D0-8D11-00A0C91BC942}") = "1.MinBy", "1.MinBy\1.MinBy\1.MinBy.vcxproj", "{87A07E0C-9C97-4DF6-9F88-6A9E0C2D344E}"
EndProject
Project("{8BC9CEB8-8B4A-11D0-8D11-00A0C91BC942}") = "2.RemoveInvalid", "2.RemoveInvalid\2.RemoveInvalid\2.RemoveInvalid.vcxproj", "{D2396542-A898-4E78-BAAA-BB9B5D2B4EF0}"
EndProject
Project("{8BC9CEB8-8B4A-11D0-8D11-00A0C91BC942}") = "3.MakeCompany", "3.MakeCompany\3.MakeCompany\3.MakeCompany.vcxproj", "{B8759C85-3B96-4BED-A79D-A69A60C5C45A}"
EndProject
Project("{8BC9CEB8-8B4A-11D0-8D11-00A0C91BC942}") = "4.ParseUniqueCompanies", "shared_ptr\4.ParseUniqueCompanies\4.ParseUniqueCompanies.vcxproj", "{40D6A2B8-52B0-46AC-B39B-EBAEECE37754}"
EndProject
Project("{8BC9CEB8-8B4A-11D0-8D11-00A0C91BC942}") = "5.RegisterOfThree", "5.RegisterOfThree\5.RegisterOfThree\5.RegisterOfThree.vcxproj", "{E8740418-19DF-470D-ABE7-7B042BD52342}"
EndProject
Project("{8BC9CEB8-8B4A-11D0-8D11-00A0C91BC942}") = "6.ArrayOfPointers", "6.ArrayOfPointers\6.ArrayOfPointers\6.ArrayOfPointers.vcxproj", "{87FFCAE1-ED46-4DF1-8E9C-4004DAE32969}"
EndProject
Project("{8BC9CEB8-8B4A-11D0-8D11-00A0C91BC942}") = "7.List", "7.List\7.List\7.List.vcxproj", "{FB730E1B-F451-4F64-8930-F33BD2E8BA2D}"
EndProject
Project("{8BC9CEB8-8B4A-11D0-8D11-00A0C91BC942}") = "8.OverloadingMadness", "8.OverloadingMadness\8.OverloadingMadness\8.OverloadingMadness.vcxproj", "{DCF011D6-FE73-493D-8947-D1CE85451279}"
EndProject
Global
	GlobalSection(SolutionConfigurationPlatforms) = preSolution
		Debug|x64 = Debug|x64
		Debug|x86 = Debug|x86
		Release|x64 = Release|x64
		Release|x86 = Release|x86
	EndGlobalSection
	GlobalSection(ProjectConfigurationPlatforms) = postSolution
		{87A07E0C-9C97-4DF6-9F88-6A9E0C2D344E}.Debug|x64.ActiveCfg = Debug|x64
		{87A07E0C-9C97-4DF6-9F88-6A9E0C2D344E}.Debug|x64.Build.0 = Debug|x64
		{87A07E0C-9C97-4DF6-9F88-6A9E0C2D344E}.Debug|x86.ActiveCfg = Debug|Win32
		{87A07E0C-9C97-4DF6-9F88-6A9E0C2D344E}.Debug|x86.Build.0 = Debug|Win32
		{87A07E0C-9C97-4DF6-9F88-6A9E0C2D344E}.Release|x64.ActiveCfg = Release|x64
		{87A07E0C-9C97-4DF6-9F88-6A9E0C2D344E}.Release|x64.Build.0 = Release|x64
		{87A07E0C-9C97-4DF6-9F88-6A9E0C2D344E}.Release|x86.ActiveCfg = Release|Win32
		{87A07E0C-9C97-4DF6-9F88-6A9E0C2D344E}.Release|x86.Build.0 = Release|Win32
		{D2396542-A898-4E78-BAAA-BB9B5D2B4EF0}.Debug|x64.ActiveCfg = Debug|x64
		{D2396542-A898-4E78-BAAA-BB9B5D2B4EF0}.Debug|x64.Build.0 = Debug|x64
		{D2396542-A898-4E78-BAAA-BB9B5D2B4EF0}.Debug|x86.ActiveCfg = Debug|Win32
		{D2396542-A898-4E78-BAAA-BB9B5D2B4EF0}.Debug|x86.Build.0 = Debug|Win32
		{D2396542-A898-4E78-BAAA-BB9B5D2B4EF0}.Release|x64.ActiveCfg = Release|x64
		{D2396542-A898-4E78-BAAA-BB9B5D2B4EF0}.Release|x64.Build.0 = Release|x64
		{D2396542-A898-4E78-BAAA-BB9B5D2B4EF0}.Release|x86.ActiveCfg = Release|Win32
		{D2396542-A898-4E78-BAAA-BB9B5D2B4EF0}.Release|x86.Build.0 = Release|Win32
		{B8759C85-3B96-4BED-A79D-A69A60C5C45A}.Debug|x64.ActiveCfg = Debug|x64
		{B8759C85-3B96-4BED-A79D-A69A60C5C45A}.Debug|x64.Build.0 = Debug|x64
		{B8759C85-3B96-4BED-A79D-A69A60C5C45A}.Debug|x86.ActiveCfg = Debug|Win32
		{B8759C85-3B96-4BED-A79D-A69A60C5C45A}.Debug|x86.Build.0 = Debug|Win32
		{B8759C85-3B96-4BED-A79D-A69A60C5C45A}.Release|x64.ActiveCfg = Release|x64
		{B8759C85-3B96-4BED-A79D-A69A60C5C45A}.Release|x64.Build.0 = Release|x64
		{B8759C85-3B96-4BED-A79D-A69A60C5C45A}.Release|x86.ActiveCfg = Release|Win32
		{B8759C85-3B96-4BED-A79D-A69A60C5C45A}.Release|x86.Build.0 = Release|Win32
		{40D6A2B8-52B0-46AC-B39B-EBAEECE37754}.Debug|x64.ActiveCfg = Debug|x64
		{40D6A2B8-52B0-46AC-B39B-EBAEECE37754}.Debug|x64.Build.0 = Debug|x64
		{40D6A2B8-52B0-46AC-B39B-EBAEECE37754}.Debug|x86.ActiveCfg = Debug|Win32
		{40D6A2B8-52B0-46AC-B39B-EBAEECE37754}.Debug|x86.Build.0 = Debug|Win32
		{40D6A2B8-52B0-46AC-B39B-EBAEECE37754}.Release|x64.ActiveCfg = Release|x64
		{40D6A2B8-52B0-46AC-B39B-EBAEECE37754}.Release|x64.Build.0 = Release|x64
		{40D6A2B8-52B0-46AC-B39B-EBAEECE37754}.Release|x86.ActiveCfg = Release|Win32
		{40D6A2B8-52B0-46AC-B39B-EBAEECE37754}.Release|x86.Build.0 = Release|Win32
		{E8740418-19DF-470D-ABE7-7B042BD52342}.Debug|x64.ActiveCfg = Debug|x64
		{E8740418-19DF-470D-ABE7-7B042BD52342}.Debug|x64.Build.0 = Debug|x64
		{E8740418-19DF-470D-ABE7-7B042BD52342}.Debug|x86.ActiveCfg = Debug|Win32
		{E8740418-19DF-470D-ABE7-7B042BD52342}.Debug|x86.Build.0 = Debug|Win32
		{E8740418-19DF-470D-ABE7-7B042BD52342}.Release|x64.ActiveCfg = Release|x64
		{E8740418-19DF-470D-ABE7-7B042BD52342}.Release|x64.Build.0 = Release|x64
		{E8740418-19DF-470D-ABE7-7B042BD52342}.Release|x86.ActiveCfg = Release|Win32
		{E8740418-19DF-470D-ABE7-7B042BD52342}.Release|x86.Build.0 = Release|Win32
		{87FFCAE1-ED46-4DF1-8E9C-4004DAE32969}.Debug|x64.ActiveCfg = Debug|x64
		{87FFCAE1-ED46-4DF1-8E9C-4004DAE32969}.Debug|x64.Build.0 = Debug|x64
		{87FFCAE1-ED46-4DF1-8E9C-4004DAE32969}.Debug|x86.ActiveCfg = Debug|Win32
		{87FFCAE1-ED46-4DF1-8E9C-4004DAE32969}.Debug|x86.Build.0 = Debug|Win32
		{87FFCAE1-ED46-4DF1-8E9C-4004DAE32969}.Release|x64.ActiveCfg = Release|x64
		{87FFCAE1-ED46-4DF1-8E9C-4004DAE32969}.Release|x64.Build.0 = Release|x64
		{87FFCAE1-ED46-4DF1-8E9C-4004DAE32969}.Release|x86.ActiveCfg = Release|Win32
		{87FFCAE1-ED46-4DF1-8E9C-4004DAE32969}.Release|x86.Build.0 = Release|Win32
		{FB730E1B-F451-4F64-8930-F33BD2E8BA2D}.Debug|x64.ActiveCfg = Debug|x64
		{FB730E1B-F451-4F64-8930-F33BD2E8BA2D}.Debug|x64.Build.0 = Debug|x64
		{FB730E1B-F451-4F64-8930-F33BD2E8BA2D}.Debug|x86.ActiveCfg = Debug|Win32
		{FB730E1B-F451-4F64-8930-F33BD2E8BA2D}.Debug|x86.Build.0 = Debug|Win32
		{FB730E1B-F451-4F64-8930-F33BD2E8BA2D}.Release|x64.ActiveCfg = Release|x64
		{FB730E1B-F451-4F64-8930-F33BD2E8BA2D}.Release|x64.Build.0 = Release|x64
		{FB730E1B-F451-4F64-8930-F33BD2E8BA2D}.Release|x86.ActiveCfg = Release|Win32
		{FB730E1B-F451-4F64-8930-F33BD2E8BA2D}.Release|x86.Build.0 = Release|Win32
		{DCF011D6-FE73-493D-8947-D1CE85451279}.Debug|x64.ActiveCfg = Debug|x64
		{DCF011D6-FE73-493D-8947-D1CE85451279}.Debug|x64.Build.0 = Debug|x64
		{DCF011D6-FE73-493D-8947-D1CE85451279}.Debug|x86.ActiveCfg = Debug|Win32
		{DCF011D6-FE73-493D-8947-D1CE85451279}.Debug|x86.Build.0 = Debug|Win32
		{DCF011D6-FE73-493D-8947-D1CE85451279}.Release|x64.ActiveCfg = Release|x64
		{DCF011D6-FE73-493D-8947-D1CE85451279}.Release|x64.Build.0 = Release|x64
		{DCF011D6-FE73-493D-8947-D1CE85451279}.Release|x86.ActiveCfg = Release|Win32
		{DCF011D6-FE73-493D-8947-D1CE85451279}.Release|x86.Build.0 = Release|Win32
	EndGlobalSection
	GlobalSection(SolutionProperties) = preSolution
		HideSolutionNode = FALSE
	EndGlobalSection
	GlobalSection(ExtensibilityGlobals) = postSolution
		SolutionGuid = {CD46C86C-D912-4347-A8CE-79656B549B97}
	EndGlobalSection
EndGlobal
