
Microsoft Visual Studio Solution File, Format Version 12.00
# Visual Studio Version 16
VisualStudioVersion = 16.0.31729.503
MinimumVisualStudioVersion = 10.0.40219.1
Project("{8BC9CEB8-8B4A-11D0-8D11-00A0C91BC942}") = "ForLoopExcercise2", "ForLoopExcercise2\ForLoopExcercise2.vcxproj", "{E9AA96C8-35F8-48DA-B42A-6A1408D9730B}"
EndProject
Project("{8BC9CEB8-8B4A-11D0-8D11-00A0C91BC942}") = "03.Histogram", "03.Histogram\03.Histogram\03.Histogram.vcxproj", "{AA96E813-CCFE-4CFD-81DB-FFBBA4CA41EF}"
EndProject
Project("{8BC9CEB8-8B4A-11D0-8D11-00A0C91BC942}") = "04.CleverLily", "04.CleverLily\04.CleverLily\04.CleverLily.vcxproj", "{9414AF45-AED0-4DDF-AF3C-B3F7633F026F}"
EndProject
Project("{8BC9CEB8-8B4A-11D0-8D11-00A0C91BC942}") = "05.Salary", "05.Salary\05.Salary\05.Salary.vcxproj", "{443D4BBB-F7C8-4218-934B-0BF41510D106}"
EndProject
Project("{8BC9CEB8-8B4A-11D0-8D11-00A0C91BC942}") = "06.Oscars", "06.Oscars\06.Oscars\06.Oscars.vcxproj", "{792279B4-2A8F-4FAC-A495-A4395245014B}"
EndProject
Project("{8BC9CEB8-8B4A-11D0-8D11-00A0C91BC942}") = "07.TrekkingMania", "07.TrekkingMania\07.TrekkingMania\07.TrekkingMania.vcxproj", "{036FC617-0896-4B51-B332-C75063D163B5}"
EndProject
Project("{8BC9CEB8-8B4A-11D0-8D11-00A0C91BC942}") = "08.TennisRanklist", "08.TennisRanklist\08.TennisRanklist\08.TennisRanklist.vcxproj", "{4162B28C-28EF-4DFB-BC13-202DB2744BCC}"
EndProject
Global
	GlobalSection(SolutionConfigurationPlatforms) = preSolution
		Debug|x64 = Debug|x64
		Debug|x86 = Debug|x86
		Release|x64 = Release|x64
		Release|x86 = Release|x86
	EndGlobalSection
	GlobalSection(ProjectConfigurationPlatforms) = postSolution
		{E9AA96C8-35F8-48DA-B42A-6A1408D9730B}.Debug|x64.ActiveCfg = Debug|x64
		{E9AA96C8-35F8-48DA-B42A-6A1408D9730B}.Debug|x64.Build.0 = Debug|x64
		{E9AA96C8-35F8-48DA-B42A-6A1408D9730B}.Debug|x86.ActiveCfg = Debug|Win32
		{E9AA96C8-35F8-48DA-B42A-6A1408D9730B}.Debug|x86.Build.0 = Debug|Win32
		{E9AA96C8-35F8-48DA-B42A-6A1408D9730B}.Release|x64.ActiveCfg = Release|x64
		{E9AA96C8-35F8-48DA-B42A-6A1408D9730B}.Release|x64.Build.0 = Release|x64
		{E9AA96C8-35F8-48DA-B42A-6A1408D9730B}.Release|x86.ActiveCfg = Release|Win32
		{E9AA96C8-35F8-48DA-B42A-6A1408D9730B}.Release|x86.Build.0 = Release|Win32
		{AA96E813-CCFE-4CFD-81DB-FFBBA4CA41EF}.Debug|x64.ActiveCfg = Debug|x64
		{AA96E813-CCFE-4CFD-81DB-FFBBA4CA41EF}.Debug|x64.Build.0 = Debug|x64
		{AA96E813-CCFE-4CFD-81DB-FFBBA4CA41EF}.Debug|x86.ActiveCfg = Debug|Win32
		{AA96E813-CCFE-4CFD-81DB-FFBBA4CA41EF}.Debug|x86.Build.0 = Debug|Win32
		{AA96E813-CCFE-4CFD-81DB-FFBBA4CA41EF}.Release|x64.ActiveCfg = Release|x64
		{AA96E813-CCFE-4CFD-81DB-FFBBA4CA41EF}.Release|x64.Build.0 = Release|x64
		{AA96E813-CCFE-4CFD-81DB-FFBBA4CA41EF}.Release|x86.ActiveCfg = Release|Win32
		{AA96E813-CCFE-4CFD-81DB-FFBBA4CA41EF}.Release|x86.Build.0 = Release|Win32
		{9414AF45-AED0-4DDF-AF3C-B3F7633F026F}.Debug|x64.ActiveCfg = Debug|x64
		{9414AF45-AED0-4DDF-AF3C-B3F7633F026F}.Debug|x64.Build.0 = Debug|x64
		{9414AF45-AED0-4DDF-AF3C-B3F7633F026F}.Debug|x86.ActiveCfg = Debug|Win32
		{9414AF45-AED0-4DDF-AF3C-B3F7633F026F}.Debug|x86.Build.0 = Debug|Win32
		{9414AF45-AED0-4DDF-AF3C-B3F7633F026F}.Release|x64.ActiveCfg = Release|x64
		{9414AF45-AED0-4DDF-AF3C-B3F7633F026F}.Release|x64.Build.0 = Release|x64
		{9414AF45-AED0-4DDF-AF3C-B3F7633F026F}.Release|x86.ActiveCfg = Release|Win32
		{9414AF45-AED0-4DDF-AF3C-B3F7633F026F}.Release|x86.Build.0 = Release|Win32
		{443D4BBB-F7C8-4218-934B-0BF41510D106}.Debug|x64.ActiveCfg = Debug|x64
		{443D4BBB-F7C8-4218-934B-0BF41510D106}.Debug|x64.Build.0 = Debug|x64
		{443D4BBB-F7C8-4218-934B-0BF41510D106}.Debug|x86.ActiveCfg = Debug|Win32
		{443D4BBB-F7C8-4218-934B-0BF41510D106}.Debug|x86.Build.0 = Debug|Win32
		{443D4BBB-F7C8-4218-934B-0BF41510D106}.Release|x64.ActiveCfg = Release|x64
		{443D4BBB-F7C8-4218-934B-0BF41510D106}.Release|x64.Build.0 = Release|x64
		{443D4BBB-F7C8-4218-934B-0BF41510D106}.Release|x86.ActiveCfg = Release|Win32
		{443D4BBB-F7C8-4218-934B-0BF41510D106}.Release|x86.Build.0 = Release|Win32
		{792279B4-2A8F-4FAC-A495-A4395245014B}.Debug|x64.ActiveCfg = Debug|x64
		{792279B4-2A8F-4FAC-A495-A4395245014B}.Debug|x64.Build.0 = Debug|x64
		{792279B4-2A8F-4FAC-A495-A4395245014B}.Debug|x86.ActiveCfg = Debug|Win32
		{792279B4-2A8F-4FAC-A495-A4395245014B}.Debug|x86.Build.0 = Debug|Win32
		{792279B4-2A8F-4FAC-A495-A4395245014B}.Release|x64.ActiveCfg = Release|x64
		{792279B4-2A8F-4FAC-A495-A4395245014B}.Release|x64.Build.0 = Release|x64
		{792279B4-2A8F-4FAC-A495-A4395245014B}.Release|x86.ActiveCfg = Release|Win32
		{792279B4-2A8F-4FAC-A495-A4395245014B}.Release|x86.Build.0 = Release|Win32
		{036FC617-0896-4B51-B332-C75063D163B5}.Debug|x64.ActiveCfg = Debug|x64
		{036FC617-0896-4B51-B332-C75063D163B5}.Debug|x64.Build.0 = Debug|x64
		{036FC617-0896-4B51-B332-C75063D163B5}.Debug|x86.ActiveCfg = Debug|Win32
		{036FC617-0896-4B51-B332-C75063D163B5}.Debug|x86.Build.0 = Debug|Win32
		{036FC617-0896-4B51-B332-C75063D163B5}.Release|x64.ActiveCfg = Release|x64
		{036FC617-0896-4B51-B332-C75063D163B5}.Release|x64.Build.0 = Release|x64
		{036FC617-0896-4B51-B332-C75063D163B5}.Release|x86.ActiveCfg = Release|Win32
		{036FC617-0896-4B51-B332-C75063D163B5}.Release|x86.Build.0 = Release|Win32
		{4162B28C-28EF-4DFB-BC13-202DB2744BCC}.Debug|x64.ActiveCfg = Debug|x64
		{4162B28C-28EF-4DFB-BC13-202DB2744BCC}.Debug|x64.Build.0 = Debug|x64
		{4162B28C-28EF-4DFB-BC13-202DB2744BCC}.Debug|x86.ActiveCfg = Debug|Win32
		{4162B28C-28EF-4DFB-BC13-202DB2744BCC}.Debug|x86.Build.0 = Debug|Win32
		{4162B28C-28EF-4DFB-BC13-202DB2744BCC}.Release|x64.ActiveCfg = Release|x64
		{4162B28C-28EF-4DFB-BC13-202DB2744BCC}.Release|x64.Build.0 = Release|x64
		{4162B28C-28EF-4DFB-BC13-202DB2744BCC}.Release|x86.ActiveCfg = Release|Win32
		{4162B28C-28EF-4DFB-BC13-202DB2744BCC}.Release|x86.Build.0 = Release|Win32
	EndGlobalSection
	GlobalSection(SolutionProperties) = preSolution
		HideSolutionNode = FALSE
	EndGlobalSection
	GlobalSection(ExtensibilityGlobals) = postSolution
		SolutionGuid = {ACC04F7B-A363-4E26-8667-FD82A5449257}
	EndGlobalSection
EndGlobal
