
Microsoft Visual Studio Solution File, Format Version 12.00
# Visual Studio Version 16
VisualStudioVersion = 16.0.31729.503
MinimumVisualStudioVersion = 10.0.40219.1
Project("{8BC9CEB8-8B4A-11D0-8D11-00A0C91BC942}") = "01.BasicStackOperations", "01.BasicStackOperations\01.BasicStackOperations\01.BasicStackOperations.vcxproj", "{69763280-3EDD-4F10-B0F5-C6F1C4FB805F}"
EndProject
Project("{8BC9CEB8-8B4A-11D0-8D11-00A0C91BC942}") = "02.BasicQueueOperations", "..\Stacks and Queues - Exerciseю02.BasicQueueOperations\02.BasicQueueOperations\02.BasicQueueOperations.vcxproj", "{5D0998AA-1796-48A2-AFF0-CB2EEBF8E7FB}"
EndProject
Project("{8BC9CEB8-8B4A-11D0-8D11-00A0C91BC942}") = "03.MaximumAndMinimumElement", "03.MaximumAndMinimumElement\03.MaximumAndMinimumElement\03.MaximumAndMinimumElement.vcxproj", "{421D959E-68E4-41C3-9F12-28718700F26F}"
EndProject
Project("{8BC9CEB8-8B4A-11D0-8D11-00A0C91BC942}") = "04.FastFood", "04.FastFood\04.FastFood\04.FastFood.vcxproj", "{2DB7C729-B9E0-4238-BEF4-C3622D0BDBBC}"
EndProject
Project("{8BC9CEB8-8B4A-11D0-8D11-00A0C91BC942}") = "05.FashionBoutique", "05.FashionBoutique\05.FashionBoutique\05.FashionBoutique.vcxproj", "{65358941-2A7D-4718-874B-5E56C510EAE5}"
EndProject
Project("{8BC9CEB8-8B4A-11D0-8D11-00A0C91BC942}") = "06.TruckTour", "06.TruckTour\06.TruckTour\06.TruckTour.vcxproj", "{8B3C2BFC-CB40-4ADC-A613-C6DE0000B739}"
EndProject
Project("{8BC9CEB8-8B4A-11D0-8D11-00A0C91BC942}") = "07.BalancedParenthesis", "07.BalancedParenthesis\07.BalancedParenthesis\07.BalancedParenthesis.vcxproj", "{0CE77C5C-15C6-44BB-BD5D-1CBF26E57A77}"
EndProject
Global
	GlobalSection(SolutionConfigurationPlatforms) = preSolution
		Debug|x64 = Debug|x64
		Debug|x86 = Debug|x86
		Release|x64 = Release|x64
		Release|x86 = Release|x86
	EndGlobalSection
	GlobalSection(ProjectConfigurationPlatforms) = postSolution
		{69763280-3EDD-4F10-B0F5-C6F1C4FB805F}.Debug|x64.ActiveCfg = Debug|x64
		{69763280-3EDD-4F10-B0F5-C6F1C4FB805F}.Debug|x64.Build.0 = Debug|x64
		{69763280-3EDD-4F10-B0F5-C6F1C4FB805F}.Debug|x86.ActiveCfg = Debug|Win32
		{69763280-3EDD-4F10-B0F5-C6F1C4FB805F}.Debug|x86.Build.0 = Debug|Win32
		{69763280-3EDD-4F10-B0F5-C6F1C4FB805F}.Release|x64.ActiveCfg = Release|x64
		{69763280-3EDD-4F10-B0F5-C6F1C4FB805F}.Release|x64.Build.0 = Release|x64
		{69763280-3EDD-4F10-B0F5-C6F1C4FB805F}.Release|x86.ActiveCfg = Release|Win32
		{69763280-3EDD-4F10-B0F5-C6F1C4FB805F}.Release|x86.Build.0 = Release|Win32
		{5D0998AA-1796-48A2-AFF0-CB2EEBF8E7FB}.Debug|x64.ActiveCfg = Debug|x64
		{5D0998AA-1796-48A2-AFF0-CB2EEBF8E7FB}.Debug|x64.Build.0 = Debug|x64
		{5D0998AA-1796-48A2-AFF0-CB2EEBF8E7FB}.Debug|x86.ActiveCfg = Debug|Win32
		{5D0998AA-1796-48A2-AFF0-CB2EEBF8E7FB}.Debug|x86.Build.0 = Debug|Win32
		{5D0998AA-1796-48A2-AFF0-CB2EEBF8E7FB}.Release|x64.ActiveCfg = Release|x64
		{5D0998AA-1796-48A2-AFF0-CB2EEBF8E7FB}.Release|x64.Build.0 = Release|x64
		{5D0998AA-1796-48A2-AFF0-CB2EEBF8E7FB}.Release|x86.ActiveCfg = Release|Win32
		{5D0998AA-1796-48A2-AFF0-CB2EEBF8E7FB}.Release|x86.Build.0 = Release|Win32
		{421D959E-68E4-41C3-9F12-28718700F26F}.Debug|x64.ActiveCfg = Debug|x64
		{421D959E-68E4-41C3-9F12-28718700F26F}.Debug|x64.Build.0 = Debug|x64
		{421D959E-68E4-41C3-9F12-28718700F26F}.Debug|x86.ActiveCfg = Debug|Win32
		{421D959E-68E4-41C3-9F12-28718700F26F}.Debug|x86.Build.0 = Debug|Win32
		{421D959E-68E4-41C3-9F12-28718700F26F}.Release|x64.ActiveCfg = Release|x64
		{421D959E-68E4-41C3-9F12-28718700F26F}.Release|x64.Build.0 = Release|x64
		{421D959E-68E4-41C3-9F12-28718700F26F}.Release|x86.ActiveCfg = Release|Win32
		{421D959E-68E4-41C3-9F12-28718700F26F}.Release|x86.Build.0 = Release|Win32
		{2DB7C729-B9E0-4238-BEF4-C3622D0BDBBC}.Debug|x64.ActiveCfg = Debug|x64
		{2DB7C729-B9E0-4238-BEF4-C3622D0BDBBC}.Debug|x64.Build.0 = Debug|x64
		{2DB7C729-B9E0-4238-BEF4-C3622D0BDBBC}.Debug|x86.ActiveCfg = Debug|Win32
		{2DB7C729-B9E0-4238-BEF4-C3622D0BDBBC}.Debug|x86.Build.0 = Debug|Win32
		{2DB7C729-B9E0-4238-BEF4-C3622D0BDBBC}.Release|x64.ActiveCfg = Release|x64
		{2DB7C729-B9E0-4238-BEF4-C3622D0BDBBC}.Release|x64.Build.0 = Release|x64
		{2DB7C729-B9E0-4238-BEF4-C3622D0BDBBC}.Release|x86.ActiveCfg = Release|Win32
		{2DB7C729-B9E0-4238-BEF4-C3622D0BDBBC}.Release|x86.Build.0 = Release|Win32
		{65358941-2A7D-4718-874B-5E56C510EAE5}.Debug|x64.ActiveCfg = Debug|x64
		{65358941-2A7D-4718-874B-5E56C510EAE5}.Debug|x64.Build.0 = Debug|x64
		{65358941-2A7D-4718-874B-5E56C510EAE5}.Debug|x86.ActiveCfg = Debug|Win32
		{65358941-2A7D-4718-874B-5E56C510EAE5}.Debug|x86.Build.0 = Debug|Win32
		{65358941-2A7D-4718-874B-5E56C510EAE5}.Release|x64.ActiveCfg = Release|x64
		{65358941-2A7D-4718-874B-5E56C510EAE5}.Release|x64.Build.0 = Release|x64
		{65358941-2A7D-4718-874B-5E56C510EAE5}.Release|x86.ActiveCfg = Release|Win32
		{65358941-2A7D-4718-874B-5E56C510EAE5}.Release|x86.Build.0 = Release|Win32
		{8B3C2BFC-CB40-4ADC-A613-C6DE0000B739}.Debug|x64.ActiveCfg = Debug|x64
		{8B3C2BFC-CB40-4ADC-A613-C6DE0000B739}.Debug|x64.Build.0 = Debug|x64
		{8B3C2BFC-CB40-4ADC-A613-C6DE0000B739}.Debug|x86.ActiveCfg = Debug|Win32
		{8B3C2BFC-CB40-4ADC-A613-C6DE0000B739}.Debug|x86.Build.0 = Debug|Win32
		{8B3C2BFC-CB40-4ADC-A613-C6DE0000B739}.Release|x64.ActiveCfg = Release|x64
		{8B3C2BFC-CB40-4ADC-A613-C6DE0000B739}.Release|x64.Build.0 = Release|x64
		{8B3C2BFC-CB40-4ADC-A613-C6DE0000B739}.Release|x86.ActiveCfg = Release|Win32
		{8B3C2BFC-CB40-4ADC-A613-C6DE0000B739}.Release|x86.Build.0 = Release|Win32
		{0CE77C5C-15C6-44BB-BD5D-1CBF26E57A77}.Debug|x64.ActiveCfg = Debug|x64
		{0CE77C5C-15C6-44BB-BD5D-1CBF26E57A77}.Debug|x64.Build.0 = Debug|x64
		{0CE77C5C-15C6-44BB-BD5D-1CBF26E57A77}.Debug|x86.ActiveCfg = Debug|Win32
		{0CE77C5C-15C6-44BB-BD5D-1CBF26E57A77}.Debug|x86.Build.0 = Debug|Win32
		{0CE77C5C-15C6-44BB-BD5D-1CBF26E57A77}.Release|x64.ActiveCfg = Release|x64
		{0CE77C5C-15C6-44BB-BD5D-1CBF26E57A77}.Release|x64.Build.0 = Release|x64
		{0CE77C5C-15C6-44BB-BD5D-1CBF26E57A77}.Release|x86.ActiveCfg = Release|Win32
		{0CE77C5C-15C6-44BB-BD5D-1CBF26E57A77}.Release|x86.Build.0 = Release|Win32
	EndGlobalSection
	GlobalSection(SolutionProperties) = preSolution
		HideSolutionNode = FALSE
	EndGlobalSection
	GlobalSection(ExtensibilityGlobals) = postSolution
		SolutionGuid = {6A952452-0E81-4846-AA56-25383034E11F}
	EndGlobalSection
EndGlobal
