
Microsoft Visual Studio Solution File, Format Version 12.00
# Visual Studio Version 16
VisualStudioVersion = 16.0.31729.503
MinimumVisualStudioVersion = 10.0.40219.1
Project("{8BC9CEB8-8B4A-11D0-8D11-00A0C91BC942}") = "01.FruitMarket", "01.FruitMarket\01.FruitMarket\01.FruitMarket.vcxproj", "{3B58C232-4EEF-42DE-A088-8CAAD755322C}"
EndProject
Project("{8BC9CEB8-8B4A-11D0-8D11-00A0C91BC942}") = "02.FamilyTrip", "02.FamilyTrip\02.FamilyTrip\02.FamilyTrip.vcxproj", "{007A9A3D-7D1C-49D3-BA04-7F00D39F12A7}"
EndProject
Project("{8BC9CEB8-8B4A-11D0-8D11-00A0C91BC942}") = "03.MovieDestination", "03.MovieDestination\03.MovieDestination\03.MovieDestination.vcxproj", "{1CCBA325-0DBE-45BB-9F2A-AF7746365C74}"
EndProject
Project("{8BC9CEB8-8B4A-11D0-8D11-00A0C91BC942}") = "04.FoodForPets", "04.FoodForPets\04.FoodForPets\04.FoodForPets.vcxproj", "{694493ED-7160-46BF-AE57-5B9C8E8DCBFA}"
EndProject
Project("{8BC9CEB8-8B4A-11D0-8D11-00A0C91BC942}") = "04.EasterEggsBattle", "04.EasterEggsBattle\04.EasterEggsBattle\04.EasterEggsBattle.vcxproj", "{B6FE682E-3576-4B3F-B292-035017B46210}"
EndProject
Project("{8BC9CEB8-8B4A-11D0-8D11-00A0C91BC942}") = "06.BarcodeGenerator", "06.BarcodeGenerator\06.BarcodeGenerator\06.BarcodeGenerator.vcxproj", "{59ACA372-E637-4D5F-A1F5-878688040A28}"
EndProject
Global
	GlobalSection(SolutionConfigurationPlatforms) = preSolution
		Debug|x64 = Debug|x64
		Debug|x86 = Debug|x86
		Release|x64 = Release|x64
		Release|x86 = Release|x86
	EndGlobalSection
	GlobalSection(ProjectConfigurationPlatforms) = postSolution
		{3B58C232-4EEF-42DE-A088-8CAAD755322C}.Debug|x64.ActiveCfg = Debug|x64
		{3B58C232-4EEF-42DE-A088-8CAAD755322C}.Debug|x64.Build.0 = Debug|x64
		{3B58C232-4EEF-42DE-A088-8CAAD755322C}.Debug|x86.ActiveCfg = Debug|Win32
		{3B58C232-4EEF-42DE-A088-8CAAD755322C}.Debug|x86.Build.0 = Debug|Win32
		{3B58C232-4EEF-42DE-A088-8CAAD755322C}.Release|x64.ActiveCfg = Release|x64
		{3B58C232-4EEF-42DE-A088-8CAAD755322C}.Release|x64.Build.0 = Release|x64
		{3B58C232-4EEF-42DE-A088-8CAAD755322C}.Release|x86.ActiveCfg = Release|Win32
		{3B58C232-4EEF-42DE-A088-8CAAD755322C}.Release|x86.Build.0 = Release|Win32
		{007A9A3D-7D1C-49D3-BA04-7F00D39F12A7}.Debug|x64.ActiveCfg = Debug|x64
		{007A9A3D-7D1C-49D3-BA04-7F00D39F12A7}.Debug|x64.Build.0 = Debug|x64
		{007A9A3D-7D1C-49D3-BA04-7F00D39F12A7}.Debug|x86.ActiveCfg = Debug|Win32
		{007A9A3D-7D1C-49D3-BA04-7F00D39F12A7}.Debug|x86.Build.0 = Debug|Win32
		{007A9A3D-7D1C-49D3-BA04-7F00D39F12A7}.Release|x64.ActiveCfg = Release|x64
		{007A9A3D-7D1C-49D3-BA04-7F00D39F12A7}.Release|x64.Build.0 = Release|x64
		{007A9A3D-7D1C-49D3-BA04-7F00D39F12A7}.Release|x86.ActiveCfg = Release|Win32
		{007A9A3D-7D1C-49D3-BA04-7F00D39F12A7}.Release|x86.Build.0 = Release|Win32
		{1CCBA325-0DBE-45BB-9F2A-AF7746365C74}.Debug|x64.ActiveCfg = Debug|x64
		{1CCBA325-0DBE-45BB-9F2A-AF7746365C74}.Debug|x64.Build.0 = Debug|x64
		{1CCBA325-0DBE-45BB-9F2A-AF7746365C74}.Debug|x86.ActiveCfg = Debug|Win32
		{1CCBA325-0DBE-45BB-9F2A-AF7746365C74}.Debug|x86.Build.0 = Debug|Win32
		{1CCBA325-0DBE-45BB-9F2A-AF7746365C74}.Release|x64.ActiveCfg = Release|x64
		{1CCBA325-0DBE-45BB-9F2A-AF7746365C74}.Release|x64.Build.0 = Release|x64
		{1CCBA325-0DBE-45BB-9F2A-AF7746365C74}.Release|x86.ActiveCfg = Release|Win32
		{1CCBA325-0DBE-45BB-9F2A-AF7746365C74}.Release|x86.Build.0 = Release|Win32
		{694493ED-7160-46BF-AE57-5B9C8E8DCBFA}.Debug|x64.ActiveCfg = Debug|x64
		{694493ED-7160-46BF-AE57-5B9C8E8DCBFA}.Debug|x64.Build.0 = Debug|x64
		{694493ED-7160-46BF-AE57-5B9C8E8DCBFA}.Debug|x86.ActiveCfg = Debug|Win32
		{694493ED-7160-46BF-AE57-5B9C8E8DCBFA}.Debug|x86.Build.0 = Debug|Win32
		{694493ED-7160-46BF-AE57-5B9C8E8DCBFA}.Release|x64.ActiveCfg = Release|x64
		{694493ED-7160-46BF-AE57-5B9C8E8DCBFA}.Release|x64.Build.0 = Release|x64
		{694493ED-7160-46BF-AE57-5B9C8E8DCBFA}.Release|x86.ActiveCfg = Release|Win32
		{694493ED-7160-46BF-AE57-5B9C8E8DCBFA}.Release|x86.Build.0 = Release|Win32
		{B6FE682E-3576-4B3F-B292-035017B46210}.Debug|x64.ActiveCfg = Debug|x64
		{B6FE682E-3576-4B3F-B292-035017B46210}.Debug|x64.Build.0 = Debug|x64
		{B6FE682E-3576-4B3F-B292-035017B46210}.Debug|x86.ActiveCfg = Debug|Win32
		{B6FE682E-3576-4B3F-B292-035017B46210}.Debug|x86.Build.0 = Debug|Win32
		{B6FE682E-3576-4B3F-B292-035017B46210}.Release|x64.ActiveCfg = Release|x64
		{B6FE682E-3576-4B3F-B292-035017B46210}.Release|x64.Build.0 = Release|x64
		{B6FE682E-3576-4B3F-B292-035017B46210}.Release|x86.ActiveCfg = Release|Win32
		{B6FE682E-3576-4B3F-B292-035017B46210}.Release|x86.Build.0 = Release|Win32
		{59ACA372-E637-4D5F-A1F5-878688040A28}.Debug|x64.ActiveCfg = Debug|x64
		{59ACA372-E637-4D5F-A1F5-878688040A28}.Debug|x64.Build.0 = Debug|x64
		{59ACA372-E637-4D5F-A1F5-878688040A28}.Debug|x86.ActiveCfg = Debug|Win32
		{59ACA372-E637-4D5F-A1F5-878688040A28}.Debug|x86.Build.0 = Debug|Win32
		{59ACA372-E637-4D5F-A1F5-878688040A28}.Release|x64.ActiveCfg = Release|x64
		{59ACA372-E637-4D5F-A1F5-878688040A28}.Release|x64.Build.0 = Release|x64
		{59ACA372-E637-4D5F-A1F5-878688040A28}.Release|x86.ActiveCfg = Release|Win32
		{59ACA372-E637-4D5F-A1F5-878688040A28}.Release|x86.Build.0 = Release|Win32
	EndGlobalSection
	GlobalSection(SolutionProperties) = preSolution
		HideSolutionNode = FALSE
	EndGlobalSection
	GlobalSection(ExtensibilityGlobals) = postSolution
		SolutionGuid = {47AAEDEB-95C6-49FA-8AFB-76E5BE66A307}
	EndGlobalSection
EndGlobal
