
Microsoft Visual Studio Solution File, Format Version 12.00
# Visual Studio Version 16
VisualStudioVersion = 16.0.31729.503
MinimumVisualStudioVersion = 10.0.40219.1
Project("{8BC9CEB8-8B4A-11D0-8D11-00A0C91BC942}") = "01.Gauss'Trick", "01.Gauss'Trick\01.Gauss'Trick\01.Gauss'Trick.vcxproj", "{E5A744E8-EE14-4CF9-925D-42C205AC7672}"
EndProject
Project("{8BC9CEB8-8B4A-11D0-8D11-00A0C91BC942}") = "02.RemoveNegativesandReverse", "02.RemoveNegativesandReverse\02.RemoveNegativesandReverse\02.RemoveNegativesandReverse.vcxproj", "{BD0F6535-E1A9-475B-9AD5-73FE21E637FE}"
EndProject
Project("{8BC9CEB8-8B4A-11D0-8D11-00A0C91BC942}") = "03.PrintinParts", "03.PrintinParts\03.PrintinParts\03.PrintinParts.vcxproj", "{EB39F0AD-D284-49F3-8FAF-DCC86EC76370}"
EndProject
Project("{8BC9CEB8-8B4A-11D0-8D11-00A0C91BC942}") = "04.LowerandUpper", "04.LowerandUpper\04.LowerandUpper\04.LowerandUpper.vcxproj", "{B1398996-132E-49A9-BFD3-1F0DFEE3E0D9}"
EndProject
Project("{8BC9CEB8-8B4A-11D0-8D11-00A0C91BC942}") = "05.CompareMatrices", "05.CompareMatrices\05.CompareMatrices.vcxproj", "{CABD1AB5-E46D-4542-814D-E9232FC8A9BF}"
EndProject
Project("{8BC9CEB8-8B4A-11D0-8D11-00A0C91BC942}") = "06.Minesweeper", "06.Minesweeper\06.Minesweeper\06.Minesweeper.vcxproj", "{DB851894-15F5-46A7-AE1A-D58E73C28005}"
EndProject
Global
	GlobalSection(SolutionConfigurationPlatforms) = preSolution
		Debug|x64 = Debug|x64
		Debug|x86 = Debug|x86
		Release|x64 = Release|x64
		Release|x86 = Release|x86
	EndGlobalSection
	GlobalSection(ProjectConfigurationPlatforms) = postSolution
		{E5A744E8-EE14-4CF9-925D-42C205AC7672}.Debug|x64.ActiveCfg = Debug|x64
		{E5A744E8-EE14-4CF9-925D-42C205AC7672}.Debug|x64.Build.0 = Debug|x64
		{E5A744E8-EE14-4CF9-925D-42C205AC7672}.Debug|x86.ActiveCfg = Debug|Win32
		{E5A744E8-EE14-4CF9-925D-42C205AC7672}.Debug|x86.Build.0 = Debug|Win32
		{E5A744E8-EE14-4CF9-925D-42C205AC7672}.Release|x64.ActiveCfg = Release|x64
		{E5A744E8-EE14-4CF9-925D-42C205AC7672}.Release|x64.Build.0 = Release|x64
		{E5A744E8-EE14-4CF9-925D-42C205AC7672}.Release|x86.ActiveCfg = Release|Win32
		{E5A744E8-EE14-4CF9-925D-42C205AC7672}.Release|x86.Build.0 = Release|Win32
		{BD0F6535-E1A9-475B-9AD5-73FE21E637FE}.Debug|x64.ActiveCfg = Debug|x64
		{BD0F6535-E1A9-475B-9AD5-73FE21E637FE}.Debug|x64.Build.0 = Debug|x64
		{BD0F6535-E1A9-475B-9AD5-73FE21E637FE}.Debug|x86.ActiveCfg = Debug|Win32
		{BD0F6535-E1A9-475B-9AD5-73FE21E637FE}.Debug|x86.Build.0 = Debug|Win32
		{BD0F6535-E1A9-475B-9AD5-73FE21E637FE}.Release|x64.ActiveCfg = Release|x64
		{BD0F6535-E1A9-475B-9AD5-73FE21E637FE}.Release|x64.Build.0 = Release|x64
		{BD0F6535-E1A9-475B-9AD5-73FE21E637FE}.Release|x86.ActiveCfg = Release|Win32
		{BD0F6535-E1A9-475B-9AD5-73FE21E637FE}.Release|x86.Build.0 = Release|Win32
		{EB39F0AD-D284-49F3-8FAF-DCC86EC76370}.Debug|x64.ActiveCfg = Debug|x64
		{EB39F0AD-D284-49F3-8FAF-DCC86EC76370}.Debug|x64.Build.0 = Debug|x64
		{EB39F0AD-D284-49F3-8FAF-DCC86EC76370}.Debug|x86.ActiveCfg = Debug|Win32
		{EB39F0AD-D284-49F3-8FAF-DCC86EC76370}.Debug|x86.Build.0 = Debug|Win32
		{EB39F0AD-D284-49F3-8FAF-DCC86EC76370}.Release|x64.ActiveCfg = Release|x64
		{EB39F0AD-D284-49F3-8FAF-DCC86EC76370}.Release|x64.Build.0 = Release|x64
		{EB39F0AD-D284-49F3-8FAF-DCC86EC76370}.Release|x86.ActiveCfg = Release|Win32
		{EB39F0AD-D284-49F3-8FAF-DCC86EC76370}.Release|x86.Build.0 = Release|Win32
		{B1398996-132E-49A9-BFD3-1F0DFEE3E0D9}.Debug|x64.ActiveCfg = Debug|x64
		{B1398996-132E-49A9-BFD3-1F0DFEE3E0D9}.Debug|x64.Build.0 = Debug|x64
		{B1398996-132E-49A9-BFD3-1F0DFEE3E0D9}.Debug|x86.ActiveCfg = Debug|Win32
		{B1398996-132E-49A9-BFD3-1F0DFEE3E0D9}.Debug|x86.Build.0 = Debug|Win32
		{B1398996-132E-49A9-BFD3-1F0DFEE3E0D9}.Release|x64.ActiveCfg = Release|x64
		{B1398996-132E-49A9-BFD3-1F0DFEE3E0D9}.Release|x64.Build.0 = Release|x64
		{B1398996-132E-49A9-BFD3-1F0DFEE3E0D9}.Release|x86.ActiveCfg = Release|Win32
		{B1398996-132E-49A9-BFD3-1F0DFEE3E0D9}.Release|x86.Build.0 = Release|Win32
		{CABD1AB5-E46D-4542-814D-E9232FC8A9BF}.Debug|x64.ActiveCfg = Debug|x64
		{CABD1AB5-E46D-4542-814D-E9232FC8A9BF}.Debug|x64.Build.0 = Debug|x64
		{CABD1AB5-E46D-4542-814D-E9232FC8A9BF}.Debug|x86.ActiveCfg = Debug|Win32
		{CABD1AB5-E46D-4542-814D-E9232FC8A9BF}.Debug|x86.Build.0 = Debug|Win32
		{CABD1AB5-E46D-4542-814D-E9232FC8A9BF}.Release|x64.ActiveCfg = Release|x64
		{CABD1AB5-E46D-4542-814D-E9232FC8A9BF}.Release|x64.Build.0 = Release|x64
		{CABD1AB5-E46D-4542-814D-E9232FC8A9BF}.Release|x86.ActiveCfg = Release|Win32
		{CABD1AB5-E46D-4542-814D-E9232FC8A9BF}.Release|x86.Build.0 = Release|Win32
		{DB851894-15F5-46A7-AE1A-D58E73C28005}.Debug|x64.ActiveCfg = Debug|x64
		{DB851894-15F5-46A7-AE1A-D58E73C28005}.Debug|x64.Build.0 = Debug|x64
		{DB851894-15F5-46A7-AE1A-D58E73C28005}.Debug|x86.ActiveCfg = Debug|Win32
		{DB851894-15F5-46A7-AE1A-D58E73C28005}.Debug|x86.Build.0 = Debug|Win32
		{DB851894-15F5-46A7-AE1A-D58E73C28005}.Release|x64.ActiveCfg = Release|x64
		{DB851894-15F5-46A7-AE1A-D58E73C28005}.Release|x64.Build.0 = Release|x64
		{DB851894-15F5-46A7-AE1A-D58E73C28005}.Release|x86.ActiveCfg = Release|Win32
		{DB851894-15F5-46A7-AE1A-D58E73C28005}.Release|x86.Build.0 = Release|Win32
	EndGlobalSection
	GlobalSection(SolutionProperties) = preSolution
		HideSolutionNode = FALSE
	EndGlobalSection
	GlobalSection(ExtensibilityGlobals) = postSolution
		SolutionGuid = {B1B53417-9530-43DB-B3C0-96F155749AA6}
	EndGlobalSection
EndGlobal
