
Microsoft Visual Studio Solution File, Format Version 12.00
# Visual Studio Version 16
VisualStudioVersion = 16.0.31729.503
MinimumVisualStudioVersion = 10.0.40219.1
Project("{8BC9CEB8-8B4A-11D0-8D11-00A0C91BC942}") = "FirstSteps", "FirstSteps\FirstSteps.vcxproj", "{E54F8A5A-7F3C-4DDA-8B7D-9A74507A2F1C}"
EndProject
Project("{8BC9CEB8-8B4A-11D0-8D11-00A0C91BC942}") = "Nums1To10", "Nums1To10\Nums1To10\Nums1To10.vcxproj", "{476B0122-E8F3-4BF8-986F-DF39F58235BE}"
EndProject
Project("{8BC9CEB8-8B4A-11D0-8D11-00A0C91BC942}") = "RectArea", "RectArea\RectArea\RectArea.vcxproj", "{872693D0-D7AB-4C3A-9C3A-2384812705DE}"
EndProject
Project("{8BC9CEB8-8B4A-11D0-8D11-00A0C91BC942}") = "InchesToCentimeters", "InchesToCentimeters\InchesToCentimeters\InchesToCentimeters.vcxproj", "{A2FA5FDC-C46D-4F81-ABF3-88FA1A5359BB}"
EndProject
Project("{8BC9CEB8-8B4A-11D0-8D11-00A0C91BC942}") = "GreetingsByName", "GreetingsByName\GreetingsByName\GreetingsByName.vcxproj", "{7727F8D9-9817-4A70-9EE2-493425D4C57D}"
EndProject
Project("{8BC9CEB8-8B4A-11D0-8D11-00A0C91BC942}") = "ConcatenateData", "ConcatenateData\ConcatenateData\ConcatenateData.vcxproj", "{A97164A6-2874-4F5E-A5E2-561EAEAF5C44}"
EndProject
Project("{8BC9CEB8-8B4A-11D0-8D11-00A0C91BC942}") = "ProjectsCreation", "ProjectsCreatio\ProjectsCreation\ProjectsCreation.vcxproj", "{A8C8DD9D-3E91-4D32-BF10-B87D03B3ABC7}"
EndProject
Project("{8BC9CEB8-8B4A-11D0-8D11-00A0C91BC942}") = "PetShop", "PetShop\PetShop\PetShop.vcxproj", "{D8BC0701-9C1F-47DF-9E0B-FD5D2DEDBF19}"
EndProject
Project("{8BC9CEB8-8B4A-11D0-8D11-00A0C91BC942}") = "YardGreening", "YardGreening\YardGreening\YardGreening.vcxproj", "{67B63954-47F3-4A9C-AA95-EC551E2B2532}"
EndProject
Project("{8BC9CEB8-8B4A-11D0-8D11-00A0C91BC942}") = "01.UsdToBgn", "01.UsdToBgn\01.UsdToBgn\01.UsdToBgn.vcxproj", "{8075A0AA-865F-4A3C-B4E5-8AE020346DA9}"
EndProject
Project("{8BC9CEB8-8B4A-11D0-8D11-00A0C91BC942}") = "02.RadiansToDegrees", "02.RadiansToDegrees\02.RadiansToDegrees\02.RadiansToDegrees.vcxproj", "{914F0AE9-71AD-4FFF-98C7-B1700226511E}"
EndProject
Project("{8BC9CEB8-8B4A-11D0-8D11-00A0C91BC942}") = "03.DepositCalculator", "03.DepositCalculator\03.DepositCalculator\03.DepositCalculator.vcxproj", "{7F615648-D223-4931-9550-82A5BA9718B2}"
EndProject
Project("{8BC9CEB8-8B4A-11D0-8D11-00A0C91BC942}") = "04.VacationBooksList", "04.VacationBooksList\04.VacationBooksList\04.VacationBooksList.vcxproj", "{55BE91A2-7A76-442A-B8FE-689D729C7A5B}"
EndProject
Project("{8BC9CEB8-8B4A-11D0-8D11-00A0C91BC942}") = "05.SuppliesForSchool", "05.SuppliesForSchool\05.SuppliesForSchool\05.SuppliesForSchool.vcxproj", "{E957A149-B797-4982-B1CC-85EA8F607F4B}"
EndProject
Project("{8BC9CEB8-8B4A-11D0-8D11-00A0C91BC942}") = "06.Repaintning", "06.Repaintning\06.Repaintning\06.Repaintning.vcxproj", "{C632BC75-4C17-4A1C-9D64-673270ED71FB}"
EndProject
Project("{8BC9CEB8-8B4A-11D0-8D11-00A0C91BC942}") = "07.FoodDelivery", "07.FoodDelivery\07.FoodDelivery\07.FoodDelivery.vcxproj", "{B585E719-80FD-4DD4-998C-0D46656794B0}"
EndProject
Project("{8BC9CEB8-8B4A-11D0-8D11-00A0C91BC942}") = "08.BasketballEquipment", "08.BasketballEquipment\08.BasketballEquipment\08.BasketballEquipment.vcxproj", "{BBFDBC23-2D39-4189-8F85-81FF8F6BDD8B}"
EndProject
Project("{8BC9CEB8-8B4A-11D0-8D11-00A0C91BC942}") = "09.FishTank", "09.FishTank\09.FishTank\09.FishTank.vcxproj", "{795C43D4-A55A-4454-B923-5B405E685312}"
EndProject
Global
	GlobalSection(SolutionConfigurationPlatforms) = preSolution
		Debug|x64 = Debug|x64
		Debug|x86 = Debug|x86
		Release|x64 = Release|x64
		Release|x86 = Release|x86
	EndGlobalSection
	GlobalSection(ProjectConfigurationPlatforms) = postSolution
		{E54F8A5A-7F3C-4DDA-8B7D-9A74507A2F1C}.Debug|x64.ActiveCfg = Debug|x64
		{E54F8A5A-7F3C-4DDA-8B7D-9A74507A2F1C}.Debug|x64.Build.0 = Debug|x64
		{E54F8A5A-7F3C-4DDA-8B7D-9A74507A2F1C}.Debug|x86.ActiveCfg = Debug|Win32
		{E54F8A5A-7F3C-4DDA-8B7D-9A74507A2F1C}.Debug|x86.Build.0 = Debug|Win32
		{E54F8A5A-7F3C-4DDA-8B7D-9A74507A2F1C}.Release|x64.ActiveCfg = Release|x64
		{E54F8A5A-7F3C-4DDA-8B7D-9A74507A2F1C}.Release|x64.Build.0 = Release|x64
		{E54F8A5A-7F3C-4DDA-8B7D-9A74507A2F1C}.Release|x86.ActiveCfg = Release|Win32
		{E54F8A5A-7F3C-4DDA-8B7D-9A74507A2F1C}.Release|x86.Build.0 = Release|Win32
		{476B0122-E8F3-4BF8-986F-DF39F58235BE}.Debug|x64.ActiveCfg = Debug|x64
		{476B0122-E8F3-4BF8-986F-DF39F58235BE}.Debug|x64.Build.0 = Debug|x64
		{476B0122-E8F3-4BF8-986F-DF39F58235BE}.Debug|x86.ActiveCfg = Debug|Win32
		{476B0122-E8F3-4BF8-986F-DF39F58235BE}.Debug|x86.Build.0 = Debug|Win32
		{476B0122-E8F3-4BF8-986F-DF39F58235BE}.Release|x64.ActiveCfg = Release|x64
		{476B0122-E8F3-4BF8-986F-DF39F58235BE}.Release|x64.Build.0 = Release|x64
		{476B0122-E8F3-4BF8-986F-DF39F58235BE}.Release|x86.ActiveCfg = Release|Win32
		{476B0122-E8F3-4BF8-986F-DF39F58235BE}.Release|x86.Build.0 = Release|Win32
		{872693D0-D7AB-4C3A-9C3A-2384812705DE}.Debug|x64.ActiveCfg = Debug|x64
		{872693D0-D7AB-4C3A-9C3A-2384812705DE}.Debug|x64.Build.0 = Debug|x64
		{872693D0-D7AB-4C3A-9C3A-2384812705DE}.Debug|x86.ActiveCfg = Debug|Win32
		{872693D0-D7AB-4C3A-9C3A-2384812705DE}.Debug|x86.Build.0 = Debug|Win32
		{872693D0-D7AB-4C3A-9C3A-2384812705DE}.Release|x64.ActiveCfg = Release|x64
		{872693D0-D7AB-4C3A-9C3A-2384812705DE}.Release|x64.Build.0 = Release|x64
		{872693D0-D7AB-4C3A-9C3A-2384812705DE}.Release|x86.ActiveCfg = Release|Win32
		{872693D0-D7AB-4C3A-9C3A-2384812705DE}.Release|x86.Build.0 = Release|Win32
		{A2FA5FDC-C46D-4F81-ABF3-88FA1A5359BB}.Debug|x64.ActiveCfg = Debug|x64
		{A2FA5FDC-C46D-4F81-ABF3-88FA1A5359BB}.Debug|x64.Build.0 = Debug|x64
		{A2FA5FDC-C46D-4F81-ABF3-88FA1A5359BB}.Debug|x86.ActiveCfg = Debug|Win32
		{A2FA5FDC-C46D-4F81-ABF3-88FA1A5359BB}.Debug|x86.Build.0 = Debug|Win32
		{A2FA5FDC-C46D-4F81-ABF3-88FA1A5359BB}.Release|x64.ActiveCfg = Release|x64
		{A2FA5FDC-C46D-4F81-ABF3-88FA1A5359BB}.Release|x64.Build.0 = Release|x64
		{A2FA5FDC-C46D-4F81-ABF3-88FA1A5359BB}.Release|x86.ActiveCfg = Release|Win32
		{A2FA5FDC-C46D-4F81-ABF3-88FA1A5359BB}.Release|x86.Build.0 = Release|Win32
		{7727F8D9-9817-4A70-9EE2-493425D4C57D}.Debug|x64.ActiveCfg = Debug|x64
		{7727F8D9-9817-4A70-9EE2-493425D4C57D}.Debug|x64.Build.0 = Debug|x64
		{7727F8D9-9817-4A70-9EE2-493425D4C57D}.Debug|x86.ActiveCfg = Debug|Win32
		{7727F8D9-9817-4A70-9EE2-493425D4C57D}.Debug|x86.Build.0 = Debug|Win32
		{7727F8D9-9817-4A70-9EE2-493425D4C57D}.Release|x64.ActiveCfg = Release|x64
		{7727F8D9-9817-4A70-9EE2-493425D4C57D}.Release|x64.Build.0 = Release|x64
		{7727F8D9-9817-4A70-9EE2-493425D4C57D}.Release|x86.ActiveCfg = Release|Win32
		{7727F8D9-9817-4A70-9EE2-493425D4C57D}.Release|x86.Build.0 = Release|Win32
		{A97164A6-2874-4F5E-A5E2-561EAEAF5C44}.Debug|x64.ActiveCfg = Debug|x64
		{A97164A6-2874-4F5E-A5E2-561EAEAF5C44}.Debug|x64.Build.0 = Debug|x64
		{A97164A6-2874-4F5E-A5E2-561EAEAF5C44}.Debug|x86.ActiveCfg = Debug|Win32
		{A97164A6-2874-4F5E-A5E2-561EAEAF5C44}.Debug|x86.Build.0 = Debug|Win32
		{A97164A6-2874-4F5E-A5E2-561EAEAF5C44}.Release|x64.ActiveCfg = Release|x64
		{A97164A6-2874-4F5E-A5E2-561EAEAF5C44}.Release|x64.Build.0 = Release|x64
		{A97164A6-2874-4F5E-A5E2-561EAEAF5C44}.Release|x86.ActiveCfg = Release|Win32
		{A97164A6-2874-4F5E-A5E2-561EAEAF5C44}.Release|x86.Build.0 = Release|Win32
		{A8C8DD9D-3E91-4D32-BF10-B87D03B3ABC7}.Debug|x64.ActiveCfg = Debug|x64
		{A8C8DD9D-3E91-4D32-BF10-B87D03B3ABC7}.Debug|x64.Build.0 = Debug|x64
		{A8C8DD9D-3E91-4D32-BF10-B87D03B3ABC7}.Debug|x86.ActiveCfg = Debug|Win32
		{A8C8DD9D-3E91-4D32-BF10-B87D03B3ABC7}.Debug|x86.Build.0 = Debug|Win32
		{A8C8DD9D-3E91-4D32-BF10-B87D03B3ABC7}.Release|x64.ActiveCfg = Release|x64
		{A8C8DD9D-3E91-4D32-BF10-B87D03B3ABC7}.Release|x64.Build.0 = Release|x64
		{A8C8DD9D-3E91-4D32-BF10-B87D03B3ABC7}.Release|x86.ActiveCfg = Release|Win32
		{A8C8DD9D-3E91-4D32-BF10-B87D03B3ABC7}.Release|x86.Build.0 = Release|Win32
		{D8BC0701-9C1F-47DF-9E0B-FD5D2DEDBF19}.Debug|x64.ActiveCfg = Debug|x64
		{D8BC0701-9C1F-47DF-9E0B-FD5D2DEDBF19}.Debug|x64.Build.0 = Debug|x64
		{D8BC0701-9C1F-47DF-9E0B-FD5D2DEDBF19}.Debug|x86.ActiveCfg = Debug|Win32
		{D8BC0701-9C1F-47DF-9E0B-FD5D2DEDBF19}.Debug|x86.Build.0 = Debug|Win32
		{D8BC0701-9C1F-47DF-9E0B-FD5D2DEDBF19}.Release|x64.ActiveCfg = Release|x64
		{D8BC0701-9C1F-47DF-9E0B-FD5D2DEDBF19}.Release|x64.Build.0 = Release|x64
		{D8BC0701-9C1F-47DF-9E0B-FD5D2DEDBF19}.Release|x86.ActiveCfg = Release|Win32
		{D8BC0701-9C1F-47DF-9E0B-FD5D2DEDBF19}.Release|x86.Build.0 = Release|Win32
		{67B63954-47F3-4A9C-AA95-EC551E2B2532}.Debug|x64.ActiveCfg = Debug|x64
		{67B63954-47F3-4A9C-AA95-EC551E2B2532}.Debug|x64.Build.0 = Debug|x64
		{67B63954-47F3-4A9C-AA95-EC551E2B2532}.Debug|x86.ActiveCfg = Debug|Win32
		{67B63954-47F3-4A9C-AA95-EC551E2B2532}.Debug|x86.Build.0 = Debug|Win32
		{67B63954-47F3-4A9C-AA95-EC551E2B2532}.Release|x64.ActiveCfg = Release|x64
		{67B63954-47F3-4A9C-AA95-EC551E2B2532}.Release|x64.Build.0 = Release|x64
		{67B63954-47F3-4A9C-AA95-EC551E2B2532}.Release|x86.ActiveCfg = Release|Win32
		{67B63954-47F3-4A9C-AA95-EC551E2B2532}.Release|x86.Build.0 = Release|Win32
		{8075A0AA-865F-4A3C-B4E5-8AE020346DA9}.Debug|x64.ActiveCfg = Debug|x64
		{8075A0AA-865F-4A3C-B4E5-8AE020346DA9}.Debug|x64.Build.0 = Debug|x64
		{8075A0AA-865F-4A3C-B4E5-8AE020346DA9}.Debug|x86.ActiveCfg = Debug|Win32
		{8075A0AA-865F-4A3C-B4E5-8AE020346DA9}.Debug|x86.Build.0 = Debug|Win32
		{8075A0AA-865F-4A3C-B4E5-8AE020346DA9}.Release|x64.ActiveCfg = Release|x64
		{8075A0AA-865F-4A3C-B4E5-8AE020346DA9}.Release|x64.Build.0 = Release|x64
		{8075A0AA-865F-4A3C-B4E5-8AE020346DA9}.Release|x86.ActiveCfg = Release|Win32
		{8075A0AA-865F-4A3C-B4E5-8AE020346DA9}.Release|x86.Build.0 = Release|Win32
		{914F0AE9-71AD-4FFF-98C7-B1700226511E}.Debug|x64.ActiveCfg = Debug|x64
		{914F0AE9-71AD-4FFF-98C7-B1700226511E}.Debug|x64.Build.0 = Debug|x64
		{914F0AE9-71AD-4FFF-98C7-B1700226511E}.Debug|x86.ActiveCfg = Debug|Win32
		{914F0AE9-71AD-4FFF-98C7-B1700226511E}.Debug|x86.Build.0 = Debug|Win32
		{914F0AE9-71AD-4FFF-98C7-B1700226511E}.Release|x64.ActiveCfg = Release|x64
		{914F0AE9-71AD-4FFF-98C7-B1700226511E}.Release|x64.Build.0 = Release|x64
		{914F0AE9-71AD-4FFF-98C7-B1700226511E}.Release|x86.ActiveCfg = Release|Win32
		{914F0AE9-71AD-4FFF-98C7-B1700226511E}.Release|x86.Build.0 = Release|Win32
		{7F615648-D223-4931-9550-82A5BA9718B2}.Debug|x64.ActiveCfg = Debug|x64
		{7F615648-D223-4931-9550-82A5BA9718B2}.Debug|x64.Build.0 = Debug|x64
		{7F615648-D223-4931-9550-82A5BA9718B2}.Debug|x86.ActiveCfg = Debug|Win32
		{7F615648-D223-4931-9550-82A5BA9718B2}.Debug|x86.Build.0 = Debug|Win32
		{7F615648-D223-4931-9550-82A5BA9718B2}.Release|x64.ActiveCfg = Release|x64
		{7F615648-D223-4931-9550-82A5BA9718B2}.Release|x64.Build.0 = Release|x64
		{7F615648-D223-4931-9550-82A5BA9718B2}.Release|x86.ActiveCfg = Release|Win32
		{7F615648-D223-4931-9550-82A5BA9718B2}.Release|x86.Build.0 = Release|Win32
		{55BE91A2-7A76-442A-B8FE-689D729C7A5B}.Debug|x64.ActiveCfg = Debug|x64
		{55BE91A2-7A76-442A-B8FE-689D729C7A5B}.Debug|x64.Build.0 = Debug|x64
		{55BE91A2-7A76-442A-B8FE-689D729C7A5B}.Debug|x86.ActiveCfg = Debug|Win32
		{55BE91A2-7A76-442A-B8FE-689D729C7A5B}.Debug|x86.Build.0 = Debug|Win32
		{55BE91A2-7A76-442A-B8FE-689D729C7A5B}.Release|x64.ActiveCfg = Release|x64
		{55BE91A2-7A76-442A-B8FE-689D729C7A5B}.Release|x64.Build.0 = Release|x64
		{55BE91A2-7A76-442A-B8FE-689D729C7A5B}.Release|x86.ActiveCfg = Release|Win32
		{55BE91A2-7A76-442A-B8FE-689D729C7A5B}.Release|x86.Build.0 = Release|Win32
		{E957A149-B797-4982-B1CC-85EA8F607F4B}.Debug|x64.ActiveCfg = Debug|x64
		{E957A149-B797-4982-B1CC-85EA8F607F4B}.Debug|x64.Build.0 = Debug|x64
		{E957A149-B797-4982-B1CC-85EA8F607F4B}.Debug|x86.ActiveCfg = Debug|Win32
		{E957A149-B797-4982-B1CC-85EA8F607F4B}.Debug|x86.Build.0 = Debug|Win32
		{E957A149-B797-4982-B1CC-85EA8F607F4B}.Release|x64.ActiveCfg = Release|x64
		{E957A149-B797-4982-B1CC-85EA8F607F4B}.Release|x64.Build.0 = Release|x64
		{E957A149-B797-4982-B1CC-85EA8F607F4B}.Release|x86.ActiveCfg = Release|Win32
		{E957A149-B797-4982-B1CC-85EA8F607F4B}.Release|x86.Build.0 = Release|Win32
		{C632BC75-4C17-4A1C-9D64-673270ED71FB}.Debug|x64.ActiveCfg = Debug|x64
		{C632BC75-4C17-4A1C-9D64-673270ED71FB}.Debug|x64.Build.0 = Debug|x64
		{C632BC75-4C17-4A1C-9D64-673270ED71FB}.Debug|x86.ActiveCfg = Debug|Win32
		{C632BC75-4C17-4A1C-9D64-673270ED71FB}.Debug|x86.Build.0 = Debug|Win32
		{C632BC75-4C17-4A1C-9D64-673270ED71FB}.Release|x64.ActiveCfg = Release|x64
		{C632BC75-4C17-4A1C-9D64-673270ED71FB}.Release|x64.Build.0 = Release|x64
		{C632BC75-4C17-4A1C-9D64-673270ED71FB}.Release|x86.ActiveCfg = Release|Win32
		{C632BC75-4C17-4A1C-9D64-673270ED71FB}.Release|x86.Build.0 = Release|Win32
		{B585E719-80FD-4DD4-998C-0D46656794B0}.Debug|x64.ActiveCfg = Debug|x64
		{B585E719-80FD-4DD4-998C-0D46656794B0}.Debug|x64.Build.0 = Debug|x64
		{B585E719-80FD-4DD4-998C-0D46656794B0}.Debug|x86.ActiveCfg = Debug|Win32
		{B585E719-80FD-4DD4-998C-0D46656794B0}.Debug|x86.Build.0 = Debug|Win32
		{B585E719-80FD-4DD4-998C-0D46656794B0}.Release|x64.ActiveCfg = Release|x64
		{B585E719-80FD-4DD4-998C-0D46656794B0}.Release|x64.Build.0 = Release|x64
		{B585E719-80FD-4DD4-998C-0D46656794B0}.Release|x86.ActiveCfg = Release|Win32
		{B585E719-80FD-4DD4-998C-0D46656794B0}.Release|x86.Build.0 = Release|Win32
		{BBFDBC23-2D39-4189-8F85-81FF8F6BDD8B}.Debug|x64.ActiveCfg = Debug|x64
		{BBFDBC23-2D39-4189-8F85-81FF8F6BDD8B}.Debug|x64.Build.0 = Debug|x64
		{BBFDBC23-2D39-4189-8F85-81FF8F6BDD8B}.Debug|x86.ActiveCfg = Debug|Win32
		{BBFDBC23-2D39-4189-8F85-81FF8F6BDD8B}.Debug|x86.Build.0 = Debug|Win32
		{BBFDBC23-2D39-4189-8F85-81FF8F6BDD8B}.Release|x64.ActiveCfg = Release|x64
		{BBFDBC23-2D39-4189-8F85-81FF8F6BDD8B}.Release|x64.Build.0 = Release|x64
		{BBFDBC23-2D39-4189-8F85-81FF8F6BDD8B}.Release|x86.ActiveCfg = Release|Win32
		{BBFDBC23-2D39-4189-8F85-81FF8F6BDD8B}.Release|x86.Build.0 = Release|Win32
		{795C43D4-A55A-4454-B923-5B405E685312}.Debug|x64.ActiveCfg = Debug|x64
		{795C43D4-A55A-4454-B923-5B405E685312}.Debug|x64.Build.0 = Debug|x64
		{795C43D4-A55A-4454-B923-5B405E685312}.Debug|x86.ActiveCfg = Debug|Win32
		{795C43D4-A55A-4454-B923-5B405E685312}.Debug|x86.Build.0 = Debug|Win32
		{795C43D4-A55A-4454-B923-5B405E685312}.Release|x64.ActiveCfg = Release|x64
		{795C43D4-A55A-4454-B923-5B405E685312}.Release|x64.Build.0 = Release|x64
		{795C43D4-A55A-4454-B923-5B405E685312}.Release|x86.ActiveCfg = Release|Win32
		{795C43D4-A55A-4454-B923-5B405E685312}.Release|x86.Build.0 = Release|Win32
	EndGlobalSection
	GlobalSection(SolutionProperties) = preSolution
		HideSolutionNode = FALSE
	EndGlobalSection
	GlobalSection(ExtensibilityGlobals) = postSolution
		SolutionGuid = {3BE5A138-F793-4A85-823F-93B8E1403D2C}
	EndGlobalSection
EndGlobal
