
Microsoft Visual Studio Solution File, Format Version 12.00
# Visual Studio Version 16
VisualStudioVersion = 16.0.31729.503
MinimumVisualStudioVersion = 10.0.40219.1
Project("{8BC9CEB8-8B4A-11D0-8D11-00A0C91BC942}") = "01.SignOfIntegerNumbers", "01.SignOfIntegerNumbers\01.SignOfIntegerNumbers\01.SignOfIntegerNumbers.vcxproj", "{B8536EC2-2DF0-485B-9B41-A972B42ED1CE}"
EndProject
Project("{8BC9CEB8-8B4A-11D0-8D11-00A0C91BC942}") = "02.Grades", "02.Grades\02.Grades\02.Grades.vcxproj", "{CB094CFC-CF06-409A-8C93-703E90415CF8}"
EndProject
Project("{8BC9CEB8-8B4A-11D0-8D11-00A0C91BC942}") = "03.SmallestOfThreeNumbers", "03.SmallestOfThreeNumbers\03.SmallestOfThreeNumbers\03.SmallestOfThreeNumbers.vcxproj", "{315C63F8-DD34-44B0-A023-E0DC8BD7ECBB}"
EndProject
Project("{8BC9CEB8-8B4A-11D0-8D11-00A0C91BC942}") = "04.PrintingTriangle", "04.PrintingTriangle\04.PrintingTriangle\04.PrintingTriangle.vcxproj", "{51AE2BC5-DCD2-4FCF-A699-5B71BE9B46AE}"
EndProject
Project("{8BC9CEB8-8B4A-11D0-8D11-00A0C91BC942}") = "05.CalculateRectangleArea", "05.CalculateRectangleArea\05.CalculateRectangleArea\05.CalculateRectangleArea.vcxproj", "{B5AA4505-7480-474A-A2FE-7D6204800F6C}"
EndProject
Project("{8BC9CEB8-8B4A-11D0-8D11-00A0C91BC942}") = "06.MathPower", "06.MathPower\06.MathPower\06.MathPower.vcxproj", "{8A8DA4B5-782C-42A7-9098-66CCBDE181BC}"
EndProject
Global
	GlobalSection(SolutionConfigurationPlatforms) = preSolution
		Debug|x64 = Debug|x64
		Debug|x86 = Debug|x86
		Release|x64 = Release|x64
		Release|x86 = Release|x86
	EndGlobalSection
	GlobalSection(ProjectConfigurationPlatforms) = postSolution
		{B8536EC2-2DF0-485B-9B41-A972B42ED1CE}.Debug|x64.ActiveCfg = Debug|x64
		{B8536EC2-2DF0-485B-9B41-A972B42ED1CE}.Debug|x64.Build.0 = Debug|x64
		{B8536EC2-2DF0-485B-9B41-A972B42ED1CE}.Debug|x86.ActiveCfg = Debug|Win32
		{B8536EC2-2DF0-485B-9B41-A972B42ED1CE}.Debug|x86.Build.0 = Debug|Win32
		{B8536EC2-2DF0-485B-9B41-A972B42ED1CE}.Release|x64.ActiveCfg = Release|x64
		{B8536EC2-2DF0-485B-9B41-A972B42ED1CE}.Release|x64.Build.0 = Release|x64
		{B8536EC2-2DF0-485B-9B41-A972B42ED1CE}.Release|x86.ActiveCfg = Release|Win32
		{B8536EC2-2DF0-485B-9B41-A972B42ED1CE}.Release|x86.Build.0 = Release|Win32
		{CB094CFC-CF06-409A-8C93-703E90415CF8}.Debug|x64.ActiveCfg = Debug|x64
		{CB094CFC-CF06-409A-8C93-703E90415CF8}.Debug|x64.Build.0 = Debug|x64
		{CB094CFC-CF06-409A-8C93-703E90415CF8}.Debug|x86.ActiveCfg = Debug|Win32
		{CB094CFC-CF06-409A-8C93-703E90415CF8}.Debug|x86.Build.0 = Debug|Win32
		{CB094CFC-CF06-409A-8C93-703E90415CF8}.Release|x64.ActiveCfg = Release|x64
		{CB094CFC-CF06-409A-8C93-703E90415CF8}.Release|x64.Build.0 = Release|x64
		{CB094CFC-CF06-409A-8C93-703E90415CF8}.Release|x86.ActiveCfg = Release|Win32
		{CB094CFC-CF06-409A-8C93-703E90415CF8}.Release|x86.Build.0 = Release|Win32
		{315C63F8-DD34-44B0-A023-E0DC8BD7ECBB}.Debug|x64.ActiveCfg = Debug|x64
		{315C63F8-DD34-44B0-A023-E0DC8BD7ECBB}.Debug|x64.Build.0 = Debug|x64
		{315C63F8-DD34-44B0-A023-E0DC8BD7ECBB}.Debug|x86.ActiveCfg = Debug|Win32
		{315C63F8-DD34-44B0-A023-E0DC8BD7ECBB}.Debug|x86.Build.0 = Debug|Win32
		{315C63F8-DD34-44B0-A023-E0DC8BD7ECBB}.Release|x64.ActiveCfg = Release|x64
		{315C63F8-DD34-44B0-A023-E0DC8BD7ECBB}.Release|x64.Build.0 = Release|x64
		{315C63F8-DD34-44B0-A023-E0DC8BD7ECBB}.Release|x86.ActiveCfg = Release|Win32
		{315C63F8-DD34-44B0-A023-E0DC8BD7ECBB}.Release|x86.Build.0 = Release|Win32
		{51AE2BC5-DCD2-4FCF-A699-5B71BE9B46AE}.Debug|x64.ActiveCfg = Debug|x64
		{51AE2BC5-DCD2-4FCF-A699-5B71BE9B46AE}.Debug|x64.Build.0 = Debug|x64
		{51AE2BC5-DCD2-4FCF-A699-5B71BE9B46AE}.Debug|x86.ActiveCfg = Debug|Win32
		{51AE2BC5-DCD2-4FCF-A699-5B71BE9B46AE}.Debug|x86.Build.0 = Debug|Win32
		{51AE2BC5-DCD2-4FCF-A699-5B71BE9B46AE}.Release|x64.ActiveCfg = Release|x64
		{51AE2BC5-DCD2-4FCF-A699-5B71BE9B46AE}.Release|x64.Build.0 = Release|x64
		{51AE2BC5-DCD2-4FCF-A699-5B71BE9B46AE}.Release|x86.ActiveCfg = Release|Win32
		{51AE2BC5-DCD2-4FCF-A699-5B71BE9B46AE}.Release|x86.Build.0 = Release|Win32
		{B5AA4505-7480-474A-A2FE-7D6204800F6C}.Debug|x64.ActiveCfg = Debug|x64
		{B5AA4505-7480-474A-A2FE-7D6204800F6C}.Debug|x64.Build.0 = Debug|x64
		{B5AA4505-7480-474A-A2FE-7D6204800F6C}.Debug|x86.ActiveCfg = Debug|Win32
		{B5AA4505-7480-474A-A2FE-7D6204800F6C}.Debug|x86.Build.0 = Debug|Win32
		{B5AA4505-7480-474A-A2FE-7D6204800F6C}.Release|x64.ActiveCfg = Release|x64
		{B5AA4505-7480-474A-A2FE-7D6204800F6C}.Release|x64.Build.0 = Release|x64
		{B5AA4505-7480-474A-A2FE-7D6204800F6C}.Release|x86.ActiveCfg = Release|Win32
		{B5AA4505-7480-474A-A2FE-7D6204800F6C}.Release|x86.Build.0 = Release|Win32
		{8A8DA4B5-782C-42A7-9098-66CCBDE181BC}.Debug|x64.ActiveCfg = Debug|x64
		{8A8DA4B5-782C-42A7-9098-66CCBDE181BC}.Debug|x64.Build.0 = Debug|x64
		{8A8DA4B5-782C-42A7-9098-66CCBDE181BC}.Debug|x86.ActiveCfg = Debug|Win32
		{8A8DA4B5-782C-42A7-9098-66CCBDE181BC}.Debug|x86.Build.0 = Debug|Win32
		{8A8DA4B5-782C-42A7-9098-66CCBDE181BC}.Release|x64.ActiveCfg = Release|x64
		{8A8DA4B5-782C-42A7-9098-66CCBDE181BC}.Release|x64.Build.0 = Release|x64
		{8A8DA4B5-782C-42A7-9098-66CCBDE181BC}.Release|x86.ActiveCfg = Release|Win32
		{8A8DA4B5-782C-42A7-9098-66CCBDE181BC}.Release|x86.Build.0 = Release|Win32
	EndGlobalSection
	GlobalSection(SolutionProperties) = preSolution
		HideSolutionNode = FALSE
	EndGlobalSection
	GlobalSection(ExtensibilityGlobals) = postSolution
		SolutionGuid = {849914CC-9521-4B25-90AA-6DB56D69CF5E}
	EndGlobalSection
EndGlobal
