
Microsoft Visual Studio Solution File, Format Version 12.00
# Visual Studio Version 16
VisualStudioVersion = 16.0.31729.503
MinimumVisualStudioVersion = 10.0.40219.1
Project("{8BC9CEB8-8B4A-11D0-8D11-00A0C91BC942}") = "01.OldBooks", "01.OldBooks\01.OldBooks\01.OldBooks.vcxproj", "{0AC753F9-1189-462A-AA08-D321C130CEA4}"
EndProject
Project("{8BC9CEB8-8B4A-11D0-8D11-00A0C91BC942}") = "02.ExamPreparation", "02.ExamPreparation\02.ExamPreparation\02.ExamPreparation.vcxproj", "{3934C054-3D98-469D-9D5C-A16B30927A15}"
EndProject
Project("{8BC9CEB8-8B4A-11D0-8D11-00A0C91BC942}") = "03.Vacation", "03.Vacation\03.Vacation\03.Vacation.vcxproj", "{D6207EBF-F6E9-4B82-94D7-3F314180B4F0}"
EndProject
Project("{8BC9CEB8-8B4A-11D0-8D11-00A0C91BC942}") = "04.Walking", "04.Walking\04.Walking\04.Walking.vcxproj", "{2FDE4B22-2A5A-4E4E-BA7B-7A0CBF2D8F2A}"
EndProject
Project("{8BC9CEB8-8B4A-11D0-8D11-00A0C91BC942}") = "05.Coins", "05.Coins\05.Coins\05.Coins.vcxproj", "{78A0366C-A319-481C-AA8A-3CB44A4E18D4}"
EndProject
Project("{8BC9CEB8-8B4A-11D0-8D11-00A0C91BC942}") = "06.Cake", "06.Cake\06.Cake\06.Cake.vcxproj", "{00B0DF05-3425-47EC-A845-5AFAA5F0DBC6}"
EndProject
Project("{8BC9CEB8-8B4A-11D0-8D11-00A0C91BC942}") = "07.Moving", "07.Moving\07.Moving\07.Moving.vcxproj", "{FE0FB78F-95D6-442D-9568-94847D675039}"
EndProject
Global
	GlobalSection(SolutionConfigurationPlatforms) = preSolution
		Debug|x64 = Debug|x64
		Debug|x86 = Debug|x86
		Release|x64 = Release|x64
		Release|x86 = Release|x86
	EndGlobalSection
	GlobalSection(ProjectConfigurationPlatforms) = postSolution
		{0AC753F9-1189-462A-AA08-D321C130CEA4}.Debug|x64.ActiveCfg = Debug|x64
		{0AC753F9-1189-462A-AA08-D321C130CEA4}.Debug|x64.Build.0 = Debug|x64
		{0AC753F9-1189-462A-AA08-D321C130CEA4}.Debug|x86.ActiveCfg = Debug|Win32
		{0AC753F9-1189-462A-AA08-D321C130CEA4}.Debug|x86.Build.0 = Debug|Win32
		{0AC753F9-1189-462A-AA08-D321C130CEA4}.Release|x64.ActiveCfg = Release|x64
		{0AC753F9-1189-462A-AA08-D321C130CEA4}.Release|x64.Build.0 = Release|x64
		{0AC753F9-1189-462A-AA08-D321C130CEA4}.Release|x86.ActiveCfg = Release|Win32
		{0AC753F9-1189-462A-AA08-D321C130CEA4}.Release|x86.Build.0 = Release|Win32
		{3934C054-3D98-469D-9D5C-A16B30927A15}.Debug|x64.ActiveCfg = Debug|x64
		{3934C054-3D98-469D-9D5C-A16B30927A15}.Debug|x64.Build.0 = Debug|x64
		{3934C054-3D98-469D-9D5C-A16B30927A15}.Debug|x86.ActiveCfg = Debug|Win32
		{3934C054-3D98-469D-9D5C-A16B30927A15}.Debug|x86.Build.0 = Debug|Win32
		{3934C054-3D98-469D-9D5C-A16B30927A15}.Release|x64.ActiveCfg = Release|x64
		{3934C054-3D98-469D-9D5C-A16B30927A15}.Release|x64.Build.0 = Release|x64
		{3934C054-3D98-469D-9D5C-A16B30927A15}.Release|x86.ActiveCfg = Release|Win32
		{3934C054-3D98-469D-9D5C-A16B30927A15}.Release|x86.Build.0 = Release|Win32
		{D6207EBF-F6E9-4B82-94D7-3F314180B4F0}.Debug|x64.ActiveCfg = Debug|x64
		{D6207EBF-F6E9-4B82-94D7-3F314180B4F0}.Debug|x64.Build.0 = Debug|x64
		{D6207EBF-F6E9-4B82-94D7-3F314180B4F0}.Debug|x86.ActiveCfg = Debug|Win32
		{D6207EBF-F6E9-4B82-94D7-3F314180B4F0}.Debug|x86.Build.0 = Debug|Win32
		{D6207EBF-F6E9-4B82-94D7-3F314180B4F0}.Release|x64.ActiveCfg = Release|x64
		{D6207EBF-F6E9-4B82-94D7-3F314180B4F0}.Release|x64.Build.0 = Release|x64
		{D6207EBF-F6E9-4B82-94D7-3F314180B4F0}.Release|x86.ActiveCfg = Release|Win32
		{D6207EBF-F6E9-4B82-94D7-3F314180B4F0}.Release|x86.Build.0 = Release|Win32
		{2FDE4B22-2A5A-4E4E-BA7B-7A0CBF2D8F2A}.Debug|x64.ActiveCfg = Debug|x64
		{2FDE4B22-2A5A-4E4E-BA7B-7A0CBF2D8F2A}.Debug|x64.Build.0 = Debug|x64
		{2FDE4B22-2A5A-4E4E-BA7B-7A0CBF2D8F2A}.Debug|x86.ActiveCfg = Debug|Win32
		{2FDE4B22-2A5A-4E4E-BA7B-7A0CBF2D8F2A}.Debug|x86.Build.0 = Debug|Win32
		{2FDE4B22-2A5A-4E4E-BA7B-7A0CBF2D8F2A}.Release|x64.ActiveCfg = Release|x64
		{2FDE4B22-2A5A-4E4E-BA7B-7A0CBF2D8F2A}.Release|x64.Build.0 = Release|x64
		{2FDE4B22-2A5A-4E4E-BA7B-7A0CBF2D8F2A}.Release|x86.ActiveCfg = Release|Win32
		{2FDE4B22-2A5A-4E4E-BA7B-7A0CBF2D8F2A}.Release|x86.Build.0 = Release|Win32
		{78A0366C-A319-481C-AA8A-3CB44A4E18D4}.Debug|x64.ActiveCfg = Debug|x64
		{78A0366C-A319-481C-AA8A-3CB44A4E18D4}.Debug|x64.Build.0 = Debug|x64
		{78A0366C-A319-481C-AA8A-3CB44A4E18D4}.Debug|x86.ActiveCfg = Debug|Win32
		{78A0366C-A319-481C-AA8A-3CB44A4E18D4}.Debug|x86.Build.0 = Debug|Win32
		{78A0366C-A319-481C-AA8A-3CB44A4E18D4}.Release|x64.ActiveCfg = Release|x64
		{78A0366C-A319-481C-AA8A-3CB44A4E18D4}.Release|x64.Build.0 = Release|x64
		{78A0366C-A319-481C-AA8A-3CB44A4E18D4}.Release|x86.ActiveCfg = Release|Win32
		{78A0366C-A319-481C-AA8A-3CB44A4E18D4}.Release|x86.Build.0 = Release|Win32
		{00B0DF05-3425-47EC-A845-5AFAA5F0DBC6}.Debug|x64.ActiveCfg = Debug|x64
		{00B0DF05-3425-47EC-A845-5AFAA5F0DBC6}.Debug|x64.Build.0 = Debug|x64
		{00B0DF05-3425-47EC-A845-5AFAA5F0DBC6}.Debug|x86.ActiveCfg = Debug|Win32
		{00B0DF05-3425-47EC-A845-5AFAA5F0DBC6}.Debug|x86.Build.0 = Debug|Win32
		{00B0DF05-3425-47EC-A845-5AFAA5F0DBC6}.Release|x64.ActiveCfg = Release|x64
		{00B0DF05-3425-47EC-A845-5AFAA5F0DBC6}.Release|x64.Build.0 = Release|x64
		{00B0DF05-3425-47EC-A845-5AFAA5F0DBC6}.Release|x86.ActiveCfg = Release|Win32
		{00B0DF05-3425-47EC-A845-5AFAA5F0DBC6}.Release|x86.Build.0 = Release|Win32
		{FE0FB78F-95D6-442D-9568-94847D675039}.Debug|x64.ActiveCfg = Debug|x64
		{FE0FB78F-95D6-442D-9568-94847D675039}.Debug|x64.Build.0 = Debug|x64
		{FE0FB78F-95D6-442D-9568-94847D675039}.Debug|x86.ActiveCfg = Debug|Win32
		{FE0FB78F-95D6-442D-9568-94847D675039}.Debug|x86.Build.0 = Debug|Win32
		{FE0FB78F-95D6-442D-9568-94847D675039}.Release|x64.ActiveCfg = Release|x64
		{FE0FB78F-95D6-442D-9568-94847D675039}.Release|x64.Build.0 = Release|x64
		{FE0FB78F-95D6-442D-9568-94847D675039}.Release|x86.ActiveCfg = Release|Win32
		{FE0FB78F-95D6-442D-9568-94847D675039}.Release|x86.Build.0 = Release|Win32
	EndGlobalSection
	GlobalSection(SolutionProperties) = preSolution
		HideSolutionNode = FALSE
	EndGlobalSection
	GlobalSection(ExtensibilityGlobals) = postSolution
		SolutionGuid = {BFC26A4C-76AD-4744-959A-DFE9AD44FC3E}
	EndGlobalSection
EndGlobal
