
Microsoft Visual Studio Solution File, Format Version 12.00
# Visual Studio Version 16
VisualStudioVersion = 16.0.31729.503
MinimumVisualStudioVersion = 10.0.40219.1
Project("{8BC9CEB8-8B4A-11D0-8D11-00A0C91BC942}") = "01.Cinema", "01.Cinema\01.Cinema.vcxproj", "{D06F609C-4EDF-47DE-AB96-DE74F51CEA73}"
EndProject
Project("{8BC9CEB8-8B4A-11D0-8D11-00A0C91BC942}") = "02.SummerOutfit", "02.SummerOutfit\02.SummerOutfit\02.SummerOutfit.vcxproj", "{0E44CE6B-7E23-47F8-85C8-23E00A74E8EE}"
EndProject
Project("{8BC9CEB8-8B4A-11D0-8D11-00A0C91BC942}") = "03.NewHouse", "03.NewHouse\03.NewHouse\03.NewHouse.vcxproj", "{B9CA3840-212B-41A9-AE87-06A2E87D1BEA}"
EndProject
Project("{8BC9CEB8-8B4A-11D0-8D11-00A0C91BC942}") = "04.FishingBoat", "04.FishingBoat\04.FishingBoat\04.FishingBoat.vcxproj", "{2D5F0E3D-A484-47E8-90F5-312C8123484D}"
EndProject
Project("{8BC9CEB8-8B4A-11D0-8D11-00A0C91BC942}") = "05.Journey", "05.Journey\05.Journey\05.Journey.vcxproj", "{202E7F79-6145-4793-9801-EF113845AC88}"
EndProject
Project("{8BC9CEB8-8B4A-11D0-8D11-00A0C91BC942}") = "06.OperationsBetweenNumbers", "06.Operations\06.OperationsBetweenNumbers\06.OperationsBetweenNumbers.vcxproj", "{A93B1596-F138-458D-85FC-FEDF1C608DA9}"
EndProject
Project("{8BC9CEB8-8B4A-11D0-8D11-00A0C91BC942}") = "07.HotelRoom", "07.HotelRoom\07.HotelRoom\07.HotelRoom.vcxproj", "{7BBE1E2A-7102-4D8D-B6AF-6D438038C901}"
EndProject
Project("{8BC9CEB8-8B4A-11D0-8D11-00A0C91BC942}") = "08.OnTimeForTheExam", "Exam\08.OnTimeForTheExam\08.OnTimeForTheExam.vcxproj", "{85C97D38-452C-4E23-ABF7-2F5A261FA772}"
EndProject
Project("{8BC9CEB8-8B4A-11D0-8D11-00A0C91BC942}") = "09.SkiTrip", "09.SkiTrip\09.SkiTrip\09.SkiTrip.vcxproj", "{9FEC4868-FBA7-4A5A-80D6-52C2ADF8F8F7}"
EndProject
Global
	GlobalSection(SolutionConfigurationPlatforms) = preSolution
		Debug|x64 = Debug|x64
		Debug|x86 = Debug|x86
		Release|x64 = Release|x64
		Release|x86 = Release|x86
	EndGlobalSection
	GlobalSection(ProjectConfigurationPlatforms) = postSolution
		{D06F609C-4EDF-47DE-AB96-DE74F51CEA73}.Debug|x64.ActiveCfg = Debug|x64
		{D06F609C-4EDF-47DE-AB96-DE74F51CEA73}.Debug|x64.Build.0 = Debug|x64
		{D06F609C-4EDF-47DE-AB96-DE74F51CEA73}.Debug|x86.ActiveCfg = Debug|Win32
		{D06F609C-4EDF-47DE-AB96-DE74F51CEA73}.Debug|x86.Build.0 = Debug|Win32
		{D06F609C-4EDF-47DE-AB96-DE74F51CEA73}.Release|x64.ActiveCfg = Release|x64
		{D06F609C-4EDF-47DE-AB96-DE74F51CEA73}.Release|x64.Build.0 = Release|x64
		{D06F609C-4EDF-47DE-AB96-DE74F51CEA73}.Release|x86.ActiveCfg = Release|Win32
		{D06F609C-4EDF-47DE-AB96-DE74F51CEA73}.Release|x86.Build.0 = Release|Win32
		{0E44CE6B-7E23-47F8-85C8-23E00A74E8EE}.Debug|x64.ActiveCfg = Debug|x64
		{0E44CE6B-7E23-47F8-85C8-23E00A74E8EE}.Debug|x64.Build.0 = Debug|x64
		{0E44CE6B-7E23-47F8-85C8-23E00A74E8EE}.Debug|x86.ActiveCfg = Debug|Win32
		{0E44CE6B-7E23-47F8-85C8-23E00A74E8EE}.Debug|x86.Build.0 = Debug|Win32
		{0E44CE6B-7E23-47F8-85C8-23E00A74E8EE}.Release|x64.ActiveCfg = Release|x64
		{0E44CE6B-7E23-47F8-85C8-23E00A74E8EE}.Release|x64.Build.0 = Release|x64
		{0E44CE6B-7E23-47F8-85C8-23E00A74E8EE}.Release|x86.ActiveCfg = Release|Win32
		{0E44CE6B-7E23-47F8-85C8-23E00A74E8EE}.Release|x86.Build.0 = Release|Win32
		{B9CA3840-212B-41A9-AE87-06A2E87D1BEA}.Debug|x64.ActiveCfg = Debug|x64
		{B9CA3840-212B-41A9-AE87-06A2E87D1BEA}.Debug|x64.Build.0 = Debug|x64
		{B9CA3840-212B-41A9-AE87-06A2E87D1BEA}.Debug|x86.ActiveCfg = Debug|Win32
		{B9CA3840-212B-41A9-AE87-06A2E87D1BEA}.Debug|x86.Build.0 = Debug|Win32
		{B9CA3840-212B-41A9-AE87-06A2E87D1BEA}.Release|x64.ActiveCfg = Release|x64
		{B9CA3840-212B-41A9-AE87-06A2E87D1BEA}.Release|x64.Build.0 = Release|x64
		{B9CA3840-212B-41A9-AE87-06A2E87D1BEA}.Release|x86.ActiveCfg = Release|Win32
		{B9CA3840-212B-41A9-AE87-06A2E87D1BEA}.Release|x86.Build.0 = Release|Win32
		{2D5F0E3D-A484-47E8-90F5-312C8123484D}.Debug|x64.ActiveCfg = Debug|x64
		{2D5F0E3D-A484-47E8-90F5-312C8123484D}.Debug|x64.Build.0 = Debug|x64
		{2D5F0E3D-A484-47E8-90F5-312C8123484D}.Debug|x86.ActiveCfg = Debug|Win32
		{2D5F0E3D-A484-47E8-90F5-312C8123484D}.Debug|x86.Build.0 = Debug|Win32
		{2D5F0E3D-A484-47E8-90F5-312C8123484D}.Release|x64.ActiveCfg = Release|x64
		{2D5F0E3D-A484-47E8-90F5-312C8123484D}.Release|x64.Build.0 = Release|x64
		{2D5F0E3D-A484-47E8-90F5-312C8123484D}.Release|x86.ActiveCfg = Release|Win32
		{2D5F0E3D-A484-47E8-90F5-312C8123484D}.Release|x86.Build.0 = Release|Win32
		{202E7F79-6145-4793-9801-EF113845AC88}.Debug|x64.ActiveCfg = Debug|x64
		{202E7F79-6145-4793-9801-EF113845AC88}.Debug|x64.Build.0 = Debug|x64
		{202E7F79-6145-4793-9801-EF113845AC88}.Debug|x86.ActiveCfg = Debug|Win32
		{202E7F79-6145-4793-9801-EF113845AC88}.Debug|x86.Build.0 = Debug|Win32
		{202E7F79-6145-4793-9801-EF113845AC88}.Release|x64.ActiveCfg = Release|x64
		{202E7F79-6145-4793-9801-EF113845AC88}.Release|x64.Build.0 = Release|x64
		{202E7F79-6145-4793-9801-EF113845AC88}.Release|x86.ActiveCfg = Release|Win32
		{202E7F79-6145-4793-9801-EF113845AC88}.Release|x86.Build.0 = Release|Win32
		{A93B1596-F138-458D-85FC-FEDF1C608DA9}.Debug|x64.ActiveCfg = Debug|x64
		{A93B1596-F138-458D-85FC-FEDF1C608DA9}.Debug|x64.Build.0 = Debug|x64
		{A93B1596-F138-458D-85FC-FEDF1C608DA9}.Debug|x86.ActiveCfg = Debug|Win32
		{A93B1596-F138-458D-85FC-FEDF1C608DA9}.Debug|x86.Build.0 = Debug|Win32
		{A93B1596-F138-458D-85FC-FEDF1C608DA9}.Release|x64.ActiveCfg = Release|x64
		{A93B1596-F138-458D-85FC-FEDF1C608DA9}.Release|x64.Build.0 = Release|x64
		{A93B1596-F138-458D-85FC-FEDF1C608DA9}.Release|x86.ActiveCfg = Release|Win32
		{A93B1596-F138-458D-85FC-FEDF1C608DA9}.Release|x86.Build.0 = Release|Win32
		{7BBE1E2A-7102-4D8D-B6AF-6D438038C901}.Debug|x64.ActiveCfg = Debug|x64
		{7BBE1E2A-7102-4D8D-B6AF-6D438038C901}.Debug|x64.Build.0 = Debug|x64
		{7BBE1E2A-7102-4D8D-B6AF-6D438038C901}.Debug|x86.ActiveCfg = Debug|Win32
		{7BBE1E2A-7102-4D8D-B6AF-6D438038C901}.Debug|x86.Build.0 = Debug|Win32
		{7BBE1E2A-7102-4D8D-B6AF-6D438038C901}.Release|x64.ActiveCfg = Release|x64
		{7BBE1E2A-7102-4D8D-B6AF-6D438038C901}.Release|x64.Build.0 = Release|x64
		{7BBE1E2A-7102-4D8D-B6AF-6D438038C901}.Release|x86.ActiveCfg = Release|Win32
		{7BBE1E2A-7102-4D8D-B6AF-6D438038C901}.Release|x86.Build.0 = Release|Win32
		{85C97D38-452C-4E23-ABF7-2F5A261FA772}.Debug|x64.ActiveCfg = Debug|x64
		{85C97D38-452C-4E23-ABF7-2F5A261FA772}.Debug|x64.Build.0 = Debug|x64
		{85C97D38-452C-4E23-ABF7-2F5A261FA772}.Debug|x86.ActiveCfg = Debug|Win32
		{85C97D38-452C-4E23-ABF7-2F5A261FA772}.Debug|x86.Build.0 = Debug|Win32
		{85C97D38-452C-4E23-ABF7-2F5A261FA772}.Release|x64.ActiveCfg = Release|x64
		{85C97D38-452C-4E23-ABF7-2F5A261FA772}.Release|x64.Build.0 = Release|x64
		{85C97D38-452C-4E23-ABF7-2F5A261FA772}.Release|x86.ActiveCfg = Release|Win32
		{85C97D38-452C-4E23-ABF7-2F5A261FA772}.Release|x86.Build.0 = Release|Win32
		{9FEC4868-FBA7-4A5A-80D6-52C2ADF8F8F7}.Debug|x64.ActiveCfg = Debug|x64
		{9FEC4868-FBA7-4A5A-80D6-52C2ADF8F8F7}.Debug|x64.Build.0 = Debug|x64
		{9FEC4868-FBA7-4A5A-80D6-52C2ADF8F8F7}.Debug|x86.ActiveCfg = Debug|Win32
		{9FEC4868-FBA7-4A5A-80D6-52C2ADF8F8F7}.Debug|x86.Build.0 = Debug|Win32
		{9FEC4868-FBA7-4A5A-80D6-52C2ADF8F8F7}.Release|x64.ActiveCfg = Release|x64
		{9FEC4868-FBA7-4A5A-80D6-52C2ADF8F8F7}.Release|x64.Build.0 = Release|x64
		{9FEC4868-FBA7-4A5A-80D6-52C2ADF8F8F7}.Release|x86.ActiveCfg = Release|Win32
		{9FEC4868-FBA7-4A5A-80D6-52C2ADF8F8F7}.Release|x86.Build.0 = Release|Win32
	EndGlobalSection
	GlobalSection(SolutionProperties) = preSolution
		HideSolutionNode = FALSE
	EndGlobalSection
	GlobalSection(ExtensibilityGlobals) = postSolution
		SolutionGuid = {D51F014A-F089-4D86-977A-CA2B639A424A}
	EndGlobalSection
EndGlobal
