
Microsoft Visual Studio Solution File, Format Version 12.00
# Visual Studio Version 16
VisualStudioVersion = 16.0.31729.503
MinimumVisualStudioVersion = 10.0.40219.1
Project("{8BC9CEB8-8B4A-11D0-8D11-00A0C91BC942}") = "01.SortingPlayers", "01.SortingPlayers\01.SortingPlayers\01.SortingPlayers.vcxproj", "{EF43622D-5FC7-44B0-8567-4AC90A026310}"
EndProject
Project("{8BC9CEB8-8B4A-11D0-8D11-00A0C91BC942}") = "02.Space", "02.Space\02.Space\02.Space.vcxproj", "{57B60797-E0E4-49F2-A813-48986033BFFE}"
EndProject
Project("{8BC9CEB8-8B4A-11D0-8D11-00A0C91BC942}") = "01.Unused", "01.Unused\01.Unused\01.Unused.vcxproj", "{5ECF3444-6A6D-4528-9B63-F60AFCBD7825}"
EndProject
Project("{8BC9CEB8-8B4A-11D0-8D11-00A0C91BC942}") = "02.Decompression", "02.Decompression\02.Decompression\02.Decompression.vcxproj", "{1A094D14-9A74-4F70-8228-ABB3FA490A46}"
EndProject
Project("{8BC9CEB8-8B4A-11D0-8D11-00A0C91BC942}") = "03.Entities", "03.Entities\03.Entities\03.Entities.vcxproj", "{7ED1CCFE-B5B8-4A49-8E00-256DD4BB3884}"
EndProject
Project("{8BC9CEB8-8B4A-11D0-8D11-00A0C91BC942}") = "1.ReverseWords", "1.ReverseWords\1.ReverseWords\1.ReverseWords.vcxproj", "{E1F53458-84E5-4FB7-B5EC-88517C17E149}"
EndProject
Project("{8BC9CEB8-8B4A-11D0-8D11-00A0C91BC942}") = "2.NumeralSystem", "2.NumeralSystem\2.NumeralSystem\2.NumeralSystem.vcxproj", "{96A796CE-1A59-4137-BE5F-C40F866D22D1}"
EndProject
Project("{8BC9CEB8-8B4A-11D0-8D11-00A0C91BC942}") = "3.UltimateReverseWords", "3.UltimateReverseWords\3.UltimateReverseWords\3.UltimateReverseWords.vcxproj", "{392D08E0-E7EF-4BA3-8F26-AFCBCFFE7607}"
EndProject
Project("{8BC9CEB8-8B4A-11D0-8D11-00A0C91BC942}") = "01.Top5Elements", "01.Top5Elements\01.Top5Elements\01.Top5Elements.vcxproj", "{B03570FF-57D4-4591-B3AA-9FD8868903FF}"
EndProject
Project("{8BC9CEB8-8B4A-11D0-8D11-00A0C91BC942}") = "02.SecretMessage", "02.SecretMessage\02.SecretMessage\02.SecretMessage.vcxproj", "{DDDA924E-3C76-4624-8BCC-2F3FC8D610F9}"
EndProject
Project("{8BC9CEB8-8B4A-11D0-8D11-00A0C91BC942}") = "03.DiffChecker", "03.DiffChecker\03.DiffChecker\03.DiffChecker.vcxproj", "{1240294E-D2BF-4CD5-9EAD-EF16A37D6F1C}"
EndProject
Project("{8BC9CEB8-8B4A-11D0-8D11-00A0C91BC942}") = "01.BelowAverageOnly", "01.BelowAverageOnly\01.BelowAverageOnly\01.BelowAverageOnly.vcxproj", "{4BDBD5A3-A55D-4E3C-BA52-4EDB27B6C306}"
EndProject
Project("{8BC9CEB8-8B4A-11D0-8D11-00A0C91BC942}") = "02.SpecialItems", "02.SpecialItems\02.SpecialItems\02.SpecialItems.vcxproj", "{80D64C6D-A579-4D00-B9FB-649FD4C1E226}"
EndProject
Project("{8BC9CEB8-8B4A-11D0-8D11-00A0C91BC942}") = "03.MachineCommands", "03.MachineCommands\03.MachineCommands\03.MachineCommands.vcxproj", "{72C0DC48-6341-4766-B150-88987EDD8A23}"
EndProject
Global
	GlobalSection(SolutionConfigurationPlatforms) = preSolution
		Debug|x64 = Debug|x64
		Debug|x86 = Debug|x86
		Release|x64 = Release|x64
		Release|x86 = Release|x86
	EndGlobalSection
	GlobalSection(ProjectConfigurationPlatforms) = postSolution
		{EF43622D-5FC7-44B0-8567-4AC90A026310}.Debug|x64.ActiveCfg = Debug|x64
		{EF43622D-5FC7-44B0-8567-4AC90A026310}.Debug|x64.Build.0 = Debug|x64
		{EF43622D-5FC7-44B0-8567-4AC90A026310}.Debug|x86.ActiveCfg = Debug|Win32
		{EF43622D-5FC7-44B0-8567-4AC90A026310}.Debug|x86.Build.0 = Debug|Win32
		{EF43622D-5FC7-44B0-8567-4AC90A026310}.Release|x64.ActiveCfg = Release|x64
		{EF43622D-5FC7-44B0-8567-4AC90A026310}.Release|x64.Build.0 = Release|x64
		{EF43622D-5FC7-44B0-8567-4AC90A026310}.Release|x86.ActiveCfg = Release|Win32
		{EF43622D-5FC7-44B0-8567-4AC90A026310}.Release|x86.Build.0 = Release|Win32
		{57B60797-E0E4-49F2-A813-48986033BFFE}.Debug|x64.ActiveCfg = Debug|x64
		{57B60797-E0E4-49F2-A813-48986033BFFE}.Debug|x64.Build.0 = Debug|x64
		{57B60797-E0E4-49F2-A813-48986033BFFE}.Debug|x86.ActiveCfg = Debug|Win32
		{57B60797-E0E4-49F2-A813-48986033BFFE}.Debug|x86.Build.0 = Debug|Win32
		{57B60797-E0E4-49F2-A813-48986033BFFE}.Release|x64.ActiveCfg = Release|x64
		{57B60797-E0E4-49F2-A813-48986033BFFE}.Release|x64.Build.0 = Release|x64
		{57B60797-E0E4-49F2-A813-48986033BFFE}.Release|x86.ActiveCfg = Release|Win32
		{57B60797-E0E4-49F2-A813-48986033BFFE}.Release|x86.Build.0 = Release|Win32
		{5ECF3444-6A6D-4528-9B63-F60AFCBD7825}.Debug|x64.ActiveCfg = Debug|x64
		{5ECF3444-6A6D-4528-9B63-F60AFCBD7825}.Debug|x64.Build.0 = Debug|x64
		{5ECF3444-6A6D-4528-9B63-F60AFCBD7825}.Debug|x86.ActiveCfg = Debug|Win32
		{5ECF3444-6A6D-4528-9B63-F60AFCBD7825}.Debug|x86.Build.0 = Debug|Win32
		{5ECF3444-6A6D-4528-9B63-F60AFCBD7825}.Release|x64.ActiveCfg = Release|x64
		{5ECF3444-6A6D-4528-9B63-F60AFCBD7825}.Release|x64.Build.0 = Release|x64
		{5ECF3444-6A6D-4528-9B63-F60AFCBD7825}.Release|x86.ActiveCfg = Release|Win32
		{5ECF3444-6A6D-4528-9B63-F60AFCBD7825}.Release|x86.Build.0 = Release|Win32
		{1A094D14-9A74-4F70-8228-ABB3FA490A46}.Debug|x64.ActiveCfg = Debug|x64
		{1A094D14-9A74-4F70-8228-ABB3FA490A46}.Debug|x64.Build.0 = Debug|x64
		{1A094D14-9A74-4F70-8228-ABB3FA490A46}.Debug|x86.ActiveCfg = Debug|Win32
		{1A094D14-9A74-4F70-8228-ABB3FA490A46}.Debug|x86.Build.0 = Debug|Win32
		{1A094D14-9A74-4F70-8228-ABB3FA490A46}.Release|x64.ActiveCfg = Release|x64
		{1A094D14-9A74-4F70-8228-ABB3FA490A46}.Release|x64.Build.0 = Release|x64
		{1A094D14-9A74-4F70-8228-ABB3FA490A46}.Release|x86.ActiveCfg = Release|Win32
		{1A094D14-9A74-4F70-8228-ABB3FA490A46}.Release|x86.Build.0 = Release|Win32
		{7ED1CCFE-B5B8-4A49-8E00-256DD4BB3884}.Debug|x64.ActiveCfg = Debug|x64
		{7ED1CCFE-B5B8-4A49-8E00-256DD4BB3884}.Debug|x64.Build.0 = Debug|x64
		{7ED1CCFE-B5B8-4A49-8E00-256DD4BB3884}.Debug|x86.ActiveCfg = Debug|Win32
		{7ED1CCFE-B5B8-4A49-8E00-256DD4BB3884}.Debug|x86.Build.0 = Debug|Win32
		{7ED1CCFE-B5B8-4A49-8E00-256DD4BB3884}.Release|x64.ActiveCfg = Release|x64
		{7ED1CCFE-B5B8-4A49-8E00-256DD4BB3884}.Release|x64.Build.0 = Release|x64
		{7ED1CCFE-B5B8-4A49-8E00-256DD4BB3884}.Release|x86.ActiveCfg = Release|Win32
		{7ED1CCFE-B5B8-4A49-8E00-256DD4BB3884}.Release|x86.Build.0 = Release|Win32
		{E1F53458-84E5-4FB7-B5EC-88517C17E149}.Debug|x64.ActiveCfg = Debug|x64
		{E1F53458-84E5-4FB7-B5EC-88517C17E149}.Debug|x64.Build.0 = Debug|x64
		{E1F53458-84E5-4FB7-B5EC-88517C17E149}.Debug|x86.ActiveCfg = Debug|Win32
		{E1F53458-84E5-4FB7-B5EC-88517C17E149}.Debug|x86.Build.0 = Debug|Win32
		{E1F53458-84E5-4FB7-B5EC-88517C17E149}.Release|x64.ActiveCfg = Release|x64
		{E1F53458-84E5-4FB7-B5EC-88517C17E149}.Release|x64.Build.0 = Release|x64
		{E1F53458-84E5-4FB7-B5EC-88517C17E149}.Release|x86.ActiveCfg = Release|Win32
		{E1F53458-84E5-4FB7-B5EC-88517C17E149}.Release|x86.Build.0 = Release|Win32
		{96A796CE-1A59-4137-BE5F-C40F866D22D1}.Debug|x64.ActiveCfg = Debug|x64
		{96A796CE-1A59-4137-BE5F-C40F866D22D1}.Debug|x64.Build.0 = Debug|x64
		{96A796CE-1A59-4137-BE5F-C40F866D22D1}.Debug|x86.ActiveCfg = Debug|Win32
		{96A796CE-1A59-4137-BE5F-C40F866D22D1}.Debug|x86.Build.0 = Debug|Win32
		{96A796CE-1A59-4137-BE5F-C40F866D22D1}.Release|x64.ActiveCfg = Release|x64
		{96A796CE-1A59-4137-BE5F-C40F866D22D1}.Release|x64.Build.0 = Release|x64
		{96A796CE-1A59-4137-BE5F-C40F866D22D1}.Release|x86.ActiveCfg = Release|Win32
		{96A796CE-1A59-4137-BE5F-C40F866D22D1}.Release|x86.Build.0 = Release|Win32
		{392D08E0-E7EF-4BA3-8F26-AFCBCFFE7607}.Debug|x64.ActiveCfg = Debug|x64
		{392D08E0-E7EF-4BA3-8F26-AFCBCFFE7607}.Debug|x64.Build.0 = Debug|x64
		{392D08E0-E7EF-4BA3-8F26-AFCBCFFE7607}.Debug|x86.ActiveCfg = Debug|Win32
		{392D08E0-E7EF-4BA3-8F26-AFCBCFFE7607}.Debug|x86.Build.0 = Debug|Win32
		{392D08E0-E7EF-4BA3-8F26-AFCBCFFE7607}.Release|x64.ActiveCfg = Release|x64
		{392D08E0-E7EF-4BA3-8F26-AFCBCFFE7607}.Release|x64.Build.0 = Release|x64
		{392D08E0-E7EF-4BA3-8F26-AFCBCFFE7607}.Release|x86.ActiveCfg = Release|Win32
		{392D08E0-E7EF-4BA3-8F26-AFCBCFFE7607}.Release|x86.Build.0 = Release|Win32
		{B03570FF-57D4-4591-B3AA-9FD8868903FF}.Debug|x64.ActiveCfg = Debug|x64
		{B03570FF-57D4-4591-B3AA-9FD8868903FF}.Debug|x64.Build.0 = Debug|x64
		{B03570FF-57D4-4591-B3AA-9FD8868903FF}.Debug|x86.ActiveCfg = Debug|Win32
		{B03570FF-57D4-4591-B3AA-9FD8868903FF}.Debug|x86.Build.0 = Debug|Win32
		{B03570FF-57D4-4591-B3AA-9FD8868903FF}.Release|x64.ActiveCfg = Release|x64
		{B03570FF-57D4-4591-B3AA-9FD8868903FF}.Release|x64.Build.0 = Release|x64
		{B03570FF-57D4-4591-B3AA-9FD8868903FF}.Release|x86.ActiveCfg = Release|Win32
		{B03570FF-57D4-4591-B3AA-9FD8868903FF}.Release|x86.Build.0 = Release|Win32
		{DDDA924E-3C76-4624-8BCC-2F3FC8D610F9}.Debug|x64.ActiveCfg = Debug|x64
		{DDDA924E-3C76-4624-8BCC-2F3FC8D610F9}.Debug|x64.Build.0 = Debug|x64
		{DDDA924E-3C76-4624-8BCC-2F3FC8D610F9}.Debug|x86.ActiveCfg = Debug|Win32
		{DDDA924E-3C76-4624-8BCC-2F3FC8D610F9}.Debug|x86.Build.0 = Debug|Win32
		{DDDA924E-3C76-4624-8BCC-2F3FC8D610F9}.Release|x64.ActiveCfg = Release|x64
		{DDDA924E-3C76-4624-8BCC-2F3FC8D610F9}.Release|x64.Build.0 = Release|x64
		{DDDA924E-3C76-4624-8BCC-2F3FC8D610F9}.Release|x86.ActiveCfg = Release|Win32
		{DDDA924E-3C76-4624-8BCC-2F3FC8D610F9}.Release|x86.Build.0 = Release|Win32
		{1240294E-D2BF-4CD5-9EAD-EF16A37D6F1C}.Debug|x64.ActiveCfg = Debug|x64
		{1240294E-D2BF-4CD5-9EAD-EF16A37D6F1C}.Debug|x64.Build.0 = Debug|x64
		{1240294E-D2BF-4CD5-9EAD-EF16A37D6F1C}.Debug|x86.ActiveCfg = Debug|Win32
		{1240294E-D2BF-4CD5-9EAD-EF16A37D6F1C}.Debug|x86.Build.0 = Debug|Win32
		{1240294E-D2BF-4CD5-9EAD-EF16A37D6F1C}.Release|x64.ActiveCfg = Release|x64
		{1240294E-D2BF-4CD5-9EAD-EF16A37D6F1C}.Release|x64.Build.0 = Release|x64
		{1240294E-D2BF-4CD5-9EAD-EF16A37D6F1C}.Release|x86.ActiveCfg = Release|Win32
		{1240294E-D2BF-4CD5-9EAD-EF16A37D6F1C}.Release|x86.Build.0 = Release|Win32
		{4BDBD5A3-A55D-4E3C-BA52-4EDB27B6C306}.Debug|x64.ActiveCfg = Debug|x64
		{4BDBD5A3-A55D-4E3C-BA52-4EDB27B6C306}.Debug|x64.Build.0 = Debug|x64
		{4BDBD5A3-A55D-4E3C-BA52-4EDB27B6C306}.Debug|x86.ActiveCfg = Debug|Win32
		{4BDBD5A3-A55D-4E3C-BA52-4EDB27B6C306}.Debug|x86.Build.0 = Debug|Win32
		{4BDBD5A3-A55D-4E3C-BA52-4EDB27B6C306}.Release|x64.ActiveCfg = Release|x64
		{4BDBD5A3-A55D-4E3C-BA52-4EDB27B6C306}.Release|x64.Build.0 = Release|x64
		{4BDBD5A3-A55D-4E3C-BA52-4EDB27B6C306}.Release|x86.ActiveCfg = Release|Win32
		{4BDBD5A3-A55D-4E3C-BA52-4EDB27B6C306}.Release|x86.Build.0 = Release|Win32
		{80D64C6D-A579-4D00-B9FB-649FD4C1E226}.Debug|x64.ActiveCfg = Debug|x64
		{80D64C6D-A579-4D00-B9FB-649FD4C1E226}.Debug|x64.Build.0 = Debug|x64
		{80D64C6D-A579-4D00-B9FB-649FD4C1E226}.Debug|x86.ActiveCfg = Debug|Win32
		{80D64C6D-A579-4D00-B9FB-649FD4C1E226}.Debug|x86.Build.0 = Debug|Win32
		{80D64C6D-A579-4D00-B9FB-649FD4C1E226}.Release|x64.ActiveCfg = Release|x64
		{80D64C6D-A579-4D00-B9FB-649FD4C1E226}.Release|x64.Build.0 = Release|x64
		{80D64C6D-A579-4D00-B9FB-649FD4C1E226}.Release|x86.ActiveCfg = Release|Win32
		{80D64C6D-A579-4D00-B9FB-649FD4C1E226}.Release|x86.Build.0 = Release|Win32
		{72C0DC48-6341-4766-B150-88987EDD8A23}.Debug|x64.ActiveCfg = Debug|x64
		{72C0DC48-6341-4766-B150-88987EDD8A23}.Debug|x64.Build.0 = Debug|x64
		{72C0DC48-6341-4766-B150-88987EDD8A23}.Debug|x86.ActiveCfg = Debug|Win32
		{72C0DC48-6341-4766-B150-88987EDD8A23}.Debug|x86.Build.0 = Debug|Win32
		{72C0DC48-6341-4766-B150-88987EDD8A23}.Release|x64.ActiveCfg = Release|x64
		{72C0DC48-6341-4766-B150-88987EDD8A23}.Release|x64.Build.0 = Release|x64
		{72C0DC48-6341-4766-B150-88987EDD8A23}.Release|x86.ActiveCfg = Release|Win32
		{72C0DC48-6341-4766-B150-88987EDD8A23}.Release|x86.Build.0 = Release|Win32
	EndGlobalSection
	GlobalSection(SolutionProperties) = preSolution
		HideSolutionNode = FALSE
	EndGlobalSection
	GlobalSection(ExtensibilityGlobals) = postSolution
		SolutionGuid = {88792C8C-501C-410C-873F-9D0A5221A5D9}
	EndGlobalSection
EndGlobal
